// !$*UTF8*$!
{
	archiveVersion = 1;
	classes = {
	};
	objectVersion = 46;
	objects = {

/* Begin PBXBuildFile section */
		2620FCE91DEE4A2A00352111 /* PatchAddEditViewController.swift in Sources */ = {isa = PBXBuildFile; fileRef = 2620FCE81DEE4A2A00352111 /* PatchAddEditViewController.swift */; };
		2620FCEC1DEE4FFB00352111 /* PatchEditionTableViewCell.swift in Sources */ = {isa = PBXBuildFile; fileRef = 2620FCEB1DEE4FFB00352111 /* PatchEditionTableViewCell.swift */; };
		26359EBB1DD40B9600C6D698 /* CropDetailsFlowLayout.swift in Sources */ = {isa = PBXBuildFile; fileRef = 26359EBA1DD40B9500C6D698 /* CropDetailsFlowLayout.swift */; };
		263BBCED1DF3E18800DA49F6 /* RowsInfo.swift in Sources */ = {isa = PBXBuildFile; fileRef = 263BBCEC1DF3E18800DA49F6 /* RowsInfo.swift */; };
		263BBCEF1DF3E1B400DA49F6 /* PatchInfo.swift in Sources */ = {isa = PBXBuildFile; fileRef = 263BBCEE1DF3E1B400DA49F6 /* PatchInfo.swift */; };
		263BBCF11DF3E22000DA49F6 /* NotificationsIds.swift in Sources */ = {isa = PBXBuildFile; fileRef = 263BBCF01DF3E22000DA49F6 /* NotificationsIds.swift */; };
		263BBCF41DF3E39900DA49F6 /* Macros.swift in Sources */ = {isa = PBXBuildFile; fileRef = 263BBCF31DF3E39900DA49F6 /* Macros.swift */; };
		266B557C1DF7B124001D2E8D /* CropInformationView.xib in Resources */ = {isa = PBXBuildFile; fileRef = 266B557B1DF7B124001D2E8D /* CropInformationView.xib */; };
		266CFC791DD5D0730043FD5B /* GardenManagerExtension.swift in Sources */ = {isa = PBXBuildFile; fileRef = 266CFC781DD5D0730043FD5B /* GardenManagerExtension.swift */; };
		266F509F1DE66EF70064C05D /* ActionMenuAlertTableHeaderView.swift in Sources */ = {isa = PBXBuildFile; fileRef = 266F509E1DE66EF70064C05D /* ActionMenuAlertTableHeaderView.swift */; };
		267CE9391DE7CCFE00702636 /* RowLifeState+CoreDataProperties.swift in Sources */ = {isa = PBXBuildFile; fileRef = 267CE9381DE7CCFE00702636 /* RowLifeState+CoreDataProperties.swift */; };
		2681451E1DDD7B6700BE6018 /* ConfirmationView.swift in Sources */ = {isa = PBXBuildFile; fileRef = 2681451D1DDD7B6700BE6018 /* ConfirmationView.swift */; };
		268145201DDEBF7B00BE6018 /* PlantDTO.swift in Sources */ = {isa = PBXBuildFile; fileRef = 2681451F1DDEBF7B00BE6018 /* PlantDTO.swift */; };
		2690D6D61DEF83BB00259F26 /* MyGardenHeaderView.swift in Sources */ = {isa = PBXBuildFile; fileRef = 2690D6D51DEF83BB00259F26 /* MyGardenHeaderView.swift */; };
		2690D6D81DEF83D300259F26 /* MyGardenHeaderView.xib in Resources */ = {isa = PBXBuildFile; fileRef = 2690D6D71DEF83D300259F26 /* MyGardenHeaderView.xib */; };
		2690D6DB1DEF880000259F26 /* MyGardenTableSectionHeaderView.swift in Sources */ = {isa = PBXBuildFile; fileRef = 2690D6DA1DEF880000259F26 /* MyGardenTableSectionHeaderView.swift */; };
		26A683321DE9BA5100902129 /* OpenSans-Light.ttf in Resources */ = {isa = PBXBuildFile; fileRef = 26A683311DE9BA5100902129 /* OpenSans-Light.ttf */; };
		26A6833B1DEA830E00902129 /* OpenSans-Regular.ttf in Resources */ = {isa = PBXBuildFile; fileRef = 26A6833A1DEA830E00902129 /* OpenSans-Regular.ttf */; };
		26BDDBEE1DEBA031003547BB /* MyGardenViewController.swift in Sources */ = {isa = PBXBuildFile; fileRef = 26BDDBED1DEBA031003547BB /* MyGardenViewController.swift */; };
		26BDDBF11DEBA411003547BB /* MyGardenOverviewTableViewCell.swift in Sources */ = {isa = PBXBuildFile; fileRef = 26BDDBF01DEBA411003547BB /* MyGardenOverviewTableViewCell.swift */; };
		26BDDBF31DEBA428003547BB /* MyGardenDetailTableViewCell.swift in Sources */ = {isa = PBXBuildFile; fileRef = 26BDDBF21DEBA428003547BB /* MyGardenDetailTableViewCell.swift */; };
		26BDDBF51DEBA95C003547BB /* MyGardenOverviewCropTableViewCell.swift in Sources */ = {isa = PBXBuildFile; fileRef = 26BDDBF41DEBA95C003547BB /* MyGardenOverviewCropTableViewCell.swift */; };
		26BDDBF71DEBB494003547BB /* MyGardenDetailCollectionViewCell.swift in Sources */ = {isa = PBXBuildFile; fileRef = 26BDDBF61DEBB494003547BB /* MyGardenDetailCollectionViewCell.swift */; };
		26DC41AB1DF1018A003A2597 /* RowAddEditViewController.swift in Sources */ = {isa = PBXBuildFile; fileRef = 26DC41AA1DF1018A003A2597 /* RowAddEditViewController.swift */; };
		5E74EA8800A53DA97085CCD5 /* Pods_Vegarden.framework in Frameworks */ = {isa = PBXBuildFile; fileRef = 28D51BCF81742784B56D6C5C /* Pods_Vegarden.framework */; };
		960CCF681DAB7EB100CB62C5 /* SideBarMenuTableViewCell.swift in Sources */ = {isa = PBXBuildFile; fileRef = 960CCF661DAB7EB100CB62C5 /* SideBarMenuTableViewCell.swift */; };
		960E5AD91DCDDC2200ED39A8 /* NoteView.swift in Sources */ = {isa = PBXBuildFile; fileRef = 960E5AD81DCDDC2200ED39A8 /* NoteView.swift */; };
		962805E61DB49C2E00DF9176 /* CropListTableViewController.swift in Sources */ = {isa = PBXBuildFile; fileRef = 962805E51DB49C2E00DF9176 /* CropListTableViewController.swift */; };
		962805E81DB4A29D00DF9176 /* CropListTableViewCell.swift in Sources */ = {isa = PBXBuildFile; fileRef = 962805E71DB4A29D00DF9176 /* CropListTableViewCell.swift */; };
		9654A89A1DB5F95800A0A9D9 /* CropState+CoreDataClass.swift in Sources */ = {isa = PBXBuildFile; fileRef = 9654A8961DB5F95800A0A9D9 /* CropState+CoreDataClass.swift */; };
		9654A89B1DB5F95800A0A9D9 /* CropState+CoreDataProperties.swift in Sources */ = {isa = PBXBuildFile; fileRef = 9654A8971DB5F95800A0A9D9 /* CropState+CoreDataProperties.swift */; };
		9654A89E1DB5F9E400A0A9D9 /* Crop+CoreDataClass.swift in Sources */ = {isa = PBXBuildFile; fileRef = 9654A89C1DB5F9E400A0A9D9 /* Crop+CoreDataClass.swift */; };
		9654A8A11DB7211600A0A9D9 /* HelperExtensions.swift in Sources */ = {isa = PBXBuildFile; fileRef = 9654A8A01DB7211600A0A9D9 /* HelperExtensions.swift */; };
		9654A8A41DB8875E00A0A9D9 /* GardenManagementProtocol.swift in Sources */ = {isa = PBXBuildFile; fileRef = 9654A8A31DB8875E00A0A9D9 /* GardenManagementProtocol.swift */; };
		9654A8A71DB8C2C000A0A9D9 /* NSManagedObject+Duplicate.m in Sources */ = {isa = PBXBuildFile; fileRef = 9654A8A61DB8C2C000A0A9D9 /* NSManagedObject+Duplicate.m */; };
		9654A8AA1DB8E06D00A0A9D9 /* Harvesting+CoreDataClass.swift in Sources */ = {isa = PBXBuildFile; fileRef = 9654A8A81DB8E06D00A0A9D9 /* Harvesting+CoreDataClass.swift */; };
		9654A8AB1DB8E06D00A0A9D9 /* Harvesting+CoreDataProperties.swift in Sources */ = {isa = PBXBuildFile; fileRef = 9654A8A91DB8E06D00A0A9D9 /* Harvesting+CoreDataProperties.swift */; };
		96561A311DC1BE1500577F4B /* ActionMenuAlertView.swift in Sources */ = {isa = PBXBuildFile; fileRef = 96561A301DC1BE1500577F4B /* ActionMenuAlertView.swift */; };
		9660596B1DCAA63A00FC5012 /* Row+CoreDataProperties.swift in Sources */ = {isa = PBXBuildFile; fileRef = 9660596A1DCAA63A00FC5012 /* Row+CoreDataProperties.swift */; };
		9660596D1DCAA87700FC5012 /* Crop+CoreDataProperties.swift in Sources */ = {isa = PBXBuildFile; fileRef = 9660596C1DCAA87700FC5012 /* Crop+CoreDataProperties.swift */; };
		966F92271DC33176005C46F1 /* DetailPatchRowTableViewCell.swift in Sources */ = {isa = PBXBuildFile; fileRef = 966F92261DC33176005C46F1 /* DetailPatchRowTableViewCell.swift */; };
		96A8A63D1DD07FA3000A1673 /* CropInformationView.swift in Sources */ = {isa = PBXBuildFile; fileRef = 96A8A63C1DD07FA3000A1673 /* CropInformationView.swift */; };
		96A8A63F1DD08201000A1673 /* CropDetailLabelView.xib in Resources */ = {isa = PBXBuildFile; fileRef = 96A8A63E1DD08201000A1673 /* CropDetailLabelView.xib */; };
		96A8A6411DD08530000A1673 /* CropDetailLabelView.swift in Sources */ = {isa = PBXBuildFile; fileRef = 96A8A6401DD08530000A1673 /* CropDetailLabelView.swift */; };
		96A8A6441DD08D3B000A1673 /* CropDetailLabel.swift in Sources */ = {isa = PBXBuildFile; fileRef = 96A8A6431DD08D3B000A1673 /* CropDetailLabel.swift */; };
		96AF3C111DC83ACE00EA8D3D /* ActionMadeDTO.swift in Sources */ = {isa = PBXBuildFile; fileRef = 96AF3C101DC83ACE00EA8D3D /* ActionMadeDTO.swift */; };
		96BB776C1DBDCED300DCADA9 /* LifeCycleTableViewController.swift in Sources */ = {isa = PBXBuildFile; fileRef = 96BB776B1DBDCED300DCADA9 /* LifeCycleTableViewController.swift */; };
		96BB77701DBDD34000DCADA9 /* CropLifeCycleTableViewCell.swift in Sources */ = {isa = PBXBuildFile; fileRef = 96BB776F1DBDD34000DCADA9 /* CropLifeCycleTableViewCell.swift */; };
		96BB77781DBF18B800DCADA9 /* DetailViewCollectionViewCell.swift in Sources */ = {isa = PBXBuildFile; fileRef = 96BB77771DBF18B800DCADA9 /* DetailViewCollectionViewCell.swift */; };
		96BB777A1DBF45CA00DCADA9 /* LifeCycleTableViewExtension.swift in Sources */ = {isa = PBXBuildFile; fileRef = 96BB77791DBF45CA00DCADA9 /* LifeCycleTableViewExtension.swift */; };
		96D62C301DA9F4DF00DEF4EC /* AllCrops.plist in Resources */ = {isa = PBXBuildFile; fileRef = 96D62C2F1DA9F4DF00DEF4EC /* AllCrops.plist */; };
		96E08C061DBCDF3C00852683 /* PersitanceCallBackProtocol.swift in Sources */ = {isa = PBXBuildFile; fileRef = 96E08C051DBCDF3C00852683 /* PersitanceCallBackProtocol.swift */; };
		96EE77F11DB9033800971EBF /* FoldingCell.swift in Sources */ = {isa = PBXBuildFile; fileRef = 96EE77F01DB9033800971EBF /* FoldingCell.swift */; };
		96EE77F31DB9E77200971EBF /* CropExtension.swift in Sources */ = {isa = PBXBuildFile; fileRef = 96EE77F21DB9E77200971EBF /* CropExtension.swift */; };
		96EE77F51DB9E97C00971EBF /* DateExtension.swift in Sources */ = {isa = PBXBuildFile; fileRef = 96EE77F41DB9E97C00971EBF /* DateExtension.swift */; };
		96F722D91DAD04DA000100B2 /* ZoomInNavigationController.swift in Sources */ = {isa = PBXBuildFile; fileRef = 96F722D81DAD04DA000100B2 /* ZoomInNavigationController.swift */; };
		96F722F81DB309CD000100B2 /* ViewsExtensions.swift in Sources */ = {isa = PBXBuildFile; fileRef = 96F722F71DB309CD000100B2 /* ViewsExtensions.swift */; };
		96F722FC1DB30A26000100B2 /* VTransition.swift in Sources */ = {isa = PBXBuildFile; fileRef = 96F722FB1DB30A26000100B2 /* VTransition.swift */; };
		96F722FE1DB30A5B000100B2 /* VTransitionProtocol.swift in Sources */ = {isa = PBXBuildFile; fileRef = 96F722FD1DB30A5B000100B2 /* VTransitionProtocol.swift */; };
		96F723021DB30E5A000100B2 /* CropDetailCollectionViewController.swift in Sources */ = {isa = PBXBuildFile; fileRef = 96F723011DB30E5A000100B2 /* CropDetailCollectionViewController.swift */; };
		96F723051DB3111A000100B2 /* VCropDetailPageViewCell.swift in Sources */ = {isa = PBXBuildFile; fileRef = 96F723041DB3111A000100B2 /* VCropDetailPageViewCell.swift */; };
		96F723091DB3118C000100B2 /* VCropDetailPageTableViewCell.swift in Sources */ = {isa = PBXBuildFile; fileRef = 96F723081DB3118C000100B2 /* VCropDetailPageTableViewCell.swift */; };
		96F7230C1DB3549B000100B2 /* Popup.m in Sources */ = {isa = PBXBuildFile; fileRef = 96F7230B1DB3549B000100B2 /* Popup.m */; };
		96F7230F1DB354EF000100B2 /* PopupCustomView.swift in Sources */ = {isa = PBXBuildFile; fileRef = 96F7230E1DB354EF000100B2 /* PopupCustomView.swift */; };
		96F723111DB360BA000100B2 /* GardenManager.swift in Sources */ = {isa = PBXBuildFile; fileRef = 96F723101DB360BA000100B2 /* GardenManager.swift */; };
		BD203E481DA2305800951732 /* MasterViewController.swift in Sources */ = {isa = PBXBuildFile; fileRef = BD203E461DA2305800951732 /* MasterViewController.swift */; };
		BD203E4D1DA4F84000951732 /* Main.storyboard in Resources */ = {isa = PBXBuildFile; fileRef = BD203E4C1DA4F84000951732 /* Main.storyboard */; };
		BD3307B81DA9EECA00F2EC6F /* MyCropsCollectionViewCell.swift in Sources */ = {isa = PBXBuildFile; fileRef = BD3307B31DA9EECA00F2EC6F /* MyCropsCollectionViewCell.swift */; };
		BD3307B91DA9EECA00F2EC6F /* MyCropsCollectionViewController.swift in Sources */ = {isa = PBXBuildFile; fileRef = BD3307B41DA9EECA00F2EC6F /* MyCropsCollectionViewController.swift */; };
		BD3307BB1DA9EECA00F2EC6F /* RoundedCornersView.swift in Sources */ = {isa = PBXBuildFile; fileRef = BD3307B61DA9EECA00F2EC6F /* RoundedCornersView.swift */; };
		BD37C0F41DA50FBD00265405 /* Constants.swift in Sources */ = {isa = PBXBuildFile; fileRef = BD37C0F31DA50FBD00265405 /* Constants.swift */; };
		BD7B8EAA1D9118080063347D /* AppDelegate.swift in Sources */ = {isa = PBXBuildFile; fileRef = BD7B8EA91D9118080063347D /* AppDelegate.swift */; };
		BD7B8EAD1D9118080063347D /* Vegarden.xcdatamodeld in Sources */ = {isa = PBXBuildFile; fileRef = BD7B8EAB1D9118080063347D /* Vegarden.xcdatamodeld */; };
		BD7B8EB61D9118080063347D /* Assets.xcassets in Resources */ = {isa = PBXBuildFile; fileRef = BD7B8EB51D9118080063347D /* Assets.xcassets */; };
		BD7B8EB91D9118080063347D /* LaunchScreen.storyboard in Resources */ = {isa = PBXBuildFile; fileRef = BD7B8EB71D9118080063347D /* LaunchScreen.storyboard */; };
		BD83BF6C1D9FE56800C7D79A /* PersistenceManager.swift in Sources */ = {isa = PBXBuildFile; fileRef = BD83BF6B1D9FE56800C7D79A /* PersistenceManager.swift */; };
		BD83BFAB1DA0034700C7D79A /* AboutViewController.swift in Sources */ = {isa = PBXBuildFile; fileRef = BD83BFA91DA0034700C7D79A /* AboutViewController.swift */; };
		BDE061641D9FDC660003364D /* Fertilized+CoreDataClass.swift in Sources */ = {isa = PBXBuildFile; fileRef = BDE0613A1D9FDC660003364D /* Fertilized+CoreDataClass.swift */; };
		BDE061651D9FDC660003364D /* Fertilized+CoreDataProperties.swift in Sources */ = {isa = PBXBuildFile; fileRef = BDE0613B1D9FDC660003364D /* Fertilized+CoreDataProperties.swift */; };
		BDE061661D9FDC660003364D /* Fruit+CoreDataClass.swift in Sources */ = {isa = PBXBuildFile; fileRef = BDE0613C1D9FDC660003364D /* Fruit+CoreDataClass.swift */; };
		BDE061671D9FDC660003364D /* Fruit+CoreDataProperties.swift in Sources */ = {isa = PBXBuildFile; fileRef = BDE0613D1D9FDC660003364D /* Fruit+CoreDataProperties.swift */; };
		BDE061681D9FDC660003364D /* Garden+CoreDataClass.swift in Sources */ = {isa = PBXBuildFile; fileRef = BDE0613E1D9FDC660003364D /* Garden+CoreDataClass.swift */; };
		BDE061691D9FDC660003364D /* Garden+CoreDataProperties.swift in Sources */ = {isa = PBXBuildFile; fileRef = BDE0613F1D9FDC660003364D /* Garden+CoreDataProperties.swift */; };
		BDE0616A1D9FDC660003364D /* GardenLocation+CoreDataClass.swift in Sources */ = {isa = PBXBuildFile; fileRef = BDE061401D9FDC660003364D /* GardenLocation+CoreDataClass.swift */; };
		BDE0616B1D9FDC660003364D /* GardenLocation+CoreDataProperties.swift in Sources */ = {isa = PBXBuildFile; fileRef = BDE061411D9FDC660003364D /* GardenLocation+CoreDataProperties.swift */; };
		BDE0616C1D9FDC660003364D /* Growing+CoreDataClass.swift in Sources */ = {isa = PBXBuildFile; fileRef = BDE061421D9FDC660003364D /* Growing+CoreDataClass.swift */; };
		BDE0616D1D9FDC660003364D /* Growing+CoreDataProperties.swift in Sources */ = {isa = PBXBuildFile; fileRef = BDE061431D9FDC660003364D /* Growing+CoreDataProperties.swift */; };
		BDE0616E1D9FDC660003364D /* Grown+CoreDataClass.swift in Sources */ = {isa = PBXBuildFile; fileRef = BDE061441D9FDC660003364D /* Grown+CoreDataClass.swift */; };
		BDE0616F1D9FDC660003364D /* Grown+CoreDataProperties.swift in Sources */ = {isa = PBXBuildFile; fileRef = BDE061451D9FDC660003364D /* Grown+CoreDataProperties.swift */; };
		BDE061701D9FDC660003364D /* Harvested+CoreDataClass.swift in Sources */ = {isa = PBXBuildFile; fileRef = BDE061461D9FDC660003364D /* Harvested+CoreDataClass.swift */; };
		BDE061711D9FDC660003364D /* Harvested+CoreDataProperties.swift in Sources */ = {isa = PBXBuildFile; fileRef = BDE061471D9FDC660003364D /* Harvested+CoreDataProperties.swift */; };
		BDE061721D9FDC660003364D /* Herb+CoreDataClass.swift in Sources */ = {isa = PBXBuildFile; fileRef = BDE061481D9FDC660003364D /* Herb+CoreDataClass.swift */; };
		BDE061731D9FDC660003364D /* Herb+CoreDataProperties.swift in Sources */ = {isa = PBXBuildFile; fileRef = BDE061491D9FDC660003364D /* Herb+CoreDataProperties.swift */; };
		BDE061741D9FDC660003364D /* Irrigated+CoreDataClass.swift in Sources */ = {isa = PBXBuildFile; fileRef = BDE0614A1D9FDC660003364D /* Irrigated+CoreDataClass.swift */; };
		BDE061751D9FDC660003364D /* Irrigated+CoreDataProperties.swift in Sources */ = {isa = PBXBuildFile; fileRef = BDE0614B1D9FDC660003364D /* Irrigated+CoreDataProperties.swift */; };
		BDE061761D9FDC660003364D /* Location+CoreDataClass.swift in Sources */ = {isa = PBXBuildFile; fileRef = BDE0614C1D9FDC660003364D /* Location+CoreDataClass.swift */; };
		BDE061771D9FDC660003364D /* Location+CoreDataProperties.swift in Sources */ = {isa = PBXBuildFile; fileRef = BDE0614D1D9FDC660003364D /* Location+CoreDataProperties.swift */; };
		BDE061781D9FDC660003364D /* Paddock+CoreDataClass.swift in Sources */ = {isa = PBXBuildFile; fileRef = BDE0614E1D9FDC660003364D /* Paddock+CoreDataClass.swift */; };
		BDE061791D9FDC660003364D /* Paddock+CoreDataProperties.swift in Sources */ = {isa = PBXBuildFile; fileRef = BDE0614F1D9FDC660003364D /* Paddock+CoreDataProperties.swift */; };
		BDE0617A1D9FDC660003364D /* PaddockLocation+CoreDataClass.swift in Sources */ = {isa = PBXBuildFile; fileRef = BDE061501D9FDC660003364D /* PaddockLocation+CoreDataClass.swift */; };
		BDE0617B1D9FDC660003364D /* PaddockLocation+CoreDataProperties.swift in Sources */ = {isa = PBXBuildFile; fileRef = BDE061511D9FDC660003364D /* PaddockLocation+CoreDataProperties.swift */; };
		BDE0617C1D9FDC660003364D /* Row+CoreDataClass.swift in Sources */ = {isa = PBXBuildFile; fileRef = BDE061521D9FDC660003364D /* Row+CoreDataClass.swift */; };
		BDE0617E1D9FDC660003364D /* RowLifeState+CoreDataClass.swift in Sources */ = {isa = PBXBuildFile; fileRef = BDE061541D9FDC660003364D /* RowLifeState+CoreDataClass.swift */; };
		BDE061801D9FDC660003364D /* Seed+CoreDataClass.swift in Sources */ = {isa = PBXBuildFile; fileRef = BDE061561D9FDC660003364D /* Seed+CoreDataClass.swift */; };
		BDE061811D9FDC660003364D /* Seed+CoreDataProperties.swift in Sources */ = {isa = PBXBuildFile; fileRef = BDE061571D9FDC660003364D /* Seed+CoreDataProperties.swift */; };
		BDE061821D9FDC660003364D /* Seedling+CoreDataClass.swift in Sources */ = {isa = PBXBuildFile; fileRef = BDE061581D9FDC660003364D /* Seedling+CoreDataClass.swift */; };
		BDE061831D9FDC660003364D /* Seedling+CoreDataProperties.swift in Sources */ = {isa = PBXBuildFile; fileRef = BDE061591D9FDC660003364D /* Seedling+CoreDataProperties.swift */; };
		BDE061841D9FDC660003364D /* Soil+CoreDataClass.swift in Sources */ = {isa = PBXBuildFile; fileRef = BDE0615A1D9FDC660003364D /* Soil+CoreDataClass.swift */; };
		BDE061851D9FDC660003364D /* Soil+CoreDataProperties.swift in Sources */ = {isa = PBXBuildFile; fileRef = BDE0615B1D9FDC660003364D /* Soil+CoreDataProperties.swift */; };
		BDE061861D9FDC660003364D /* Veggie+CoreDataClass.swift in Sources */ = {isa = PBXBuildFile; fileRef = BDE0615C1D9FDC660003364D /* Veggie+CoreDataClass.swift */; };
		BDE061871D9FDC660003364D /* Veggie+CoreDataProperties.swift in Sources */ = {isa = PBXBuildFile; fileRef = BDE0615D1D9FDC660003364D /* Veggie+CoreDataProperties.swift */; };
		BDE061881D9FDC660003364D /* Weed+CoreDataClass.swift in Sources */ = {isa = PBXBuildFile; fileRef = BDE0615E1D9FDC660003364D /* Weed+CoreDataClass.swift */; };
		BDE061891D9FDC660003364D /* Weed+CoreDataProperties.swift in Sources */ = {isa = PBXBuildFile; fileRef = BDE0615F1D9FDC660003364D /* Weed+CoreDataProperties.swift */; };
		D7FCD5BF14C395F84B2CEA6C /* Pods_Vegarden.framework in Frameworks */ = {isa = PBXBuildFile; fileRef = B68186E19560B2D502A8A817 /* Pods_Vegarden.framework */; };
/* End PBXBuildFile section */

/* Begin PBXFileReference section */
		2620FCE81DEE4A2A00352111 /* PatchAddEditViewController.swift */ = {isa = PBXFileReference; fileEncoding = 4; lastKnownFileType = sourcecode.swift; path = PatchAddEditViewController.swift; sourceTree = "<group>"; };
		2620FCEB1DEE4FFB00352111 /* PatchEditionTableViewCell.swift */ = {isa = PBXFileReference; fileEncoding = 4; lastKnownFileType = sourcecode.swift; path = PatchEditionTableViewCell.swift; sourceTree = "<group>"; };
		26359EBA1DD40B9500C6D698 /* CropDetailsFlowLayout.swift */ = {isa = PBXFileReference; fileEncoding = 4; lastKnownFileType = sourcecode.swift; path = CropDetailsFlowLayout.swift; sourceTree = "<group>"; };
		263BBCEC1DF3E18800DA49F6 /* RowsInfo.swift */ = {isa = PBXFileReference; fileEncoding = 4; lastKnownFileType = sourcecode.swift; path = RowsInfo.swift; sourceTree = "<group>"; };
		263BBCEE1DF3E1B400DA49F6 /* PatchInfo.swift */ = {isa = PBXFileReference; fileEncoding = 4; lastKnownFileType = sourcecode.swift; path = PatchInfo.swift; sourceTree = "<group>"; };
		263BBCF01DF3E22000DA49F6 /* NotificationsIds.swift */ = {isa = PBXFileReference; fileEncoding = 4; lastKnownFileType = sourcecode.swift; path = NotificationsIds.swift; sourceTree = "<group>"; };
		263BBCF31DF3E39900DA49F6 /* Macros.swift */ = {isa = PBXFileReference; fileEncoding = 4; lastKnownFileType = sourcecode.swift; path = Macros.swift; sourceTree = "<group>"; };
		266B557B1DF7B124001D2E8D /* CropInformationView.xib */ = {isa = PBXFileReference; fileEncoding = 4; lastKnownFileType = file.xib; path = CropInformationView.xib; sourceTree = "<group>"; };
		266CFC781DD5D0730043FD5B /* GardenManagerExtension.swift */ = {isa = PBXFileReference; fileEncoding = 4; lastKnownFileType = sourcecode.swift; path = GardenManagerExtension.swift; sourceTree = "<group>"; };
		266F509E1DE66EF70064C05D /* ActionMenuAlertTableHeaderView.swift */ = {isa = PBXFileReference; fileEncoding = 4; lastKnownFileType = sourcecode.swift; path = ActionMenuAlertTableHeaderView.swift; sourceTree = "<group>"; };
		267CE9381DE7CCFE00702636 /* RowLifeState+CoreDataProperties.swift */ = {isa = PBXFileReference; fileEncoding = 4; lastKnownFileType = sourcecode.swift; path = "RowLifeState+CoreDataProperties.swift"; sourceTree = "<group>"; };
		2681451D1DDD7B6700BE6018 /* ConfirmationView.swift */ = {isa = PBXFileReference; fileEncoding = 4; lastKnownFileType = sourcecode.swift; path = ConfirmationView.swift; sourceTree = "<group>"; };
		2681451F1DDEBF7B00BE6018 /* PlantDTO.swift */ = {isa = PBXFileReference; fileEncoding = 4; lastKnownFileType = sourcecode.swift; path = PlantDTO.swift; sourceTree = "<group>"; };
		2690D6D51DEF83BB00259F26 /* MyGardenHeaderView.swift */ = {isa = PBXFileReference; fileEncoding = 4; lastKnownFileType = sourcecode.swift; path = MyGardenHeaderView.swift; sourceTree = "<group>"; };
		2690D6D71DEF83D300259F26 /* MyGardenHeaderView.xib */ = {isa = PBXFileReference; fileEncoding = 4; lastKnownFileType = file.xib; path = MyGardenHeaderView.xib; sourceTree = "<group>"; };
		2690D6DA1DEF880000259F26 /* MyGardenTableSectionHeaderView.swift */ = {isa = PBXFileReference; fileEncoding = 4; lastKnownFileType = sourcecode.swift; path = MyGardenTableSectionHeaderView.swift; sourceTree = "<group>"; };
		26A683311DE9BA5100902129 /* OpenSans-Light.ttf */ = {isa = PBXFileReference; lastKnownFileType = file; path = "OpenSans-Light.ttf"; sourceTree = "<group>"; };
		26A6833A1DEA830E00902129 /* OpenSans-Regular.ttf */ = {isa = PBXFileReference; lastKnownFileType = file; path = "OpenSans-Regular.ttf"; sourceTree = "<group>"; };
		26BDDBED1DEBA031003547BB /* MyGardenViewController.swift */ = {isa = PBXFileReference; fileEncoding = 4; lastKnownFileType = sourcecode.swift; path = MyGardenViewController.swift; sourceTree = "<group>"; };
		26BDDBF01DEBA411003547BB /* MyGardenOverviewTableViewCell.swift */ = {isa = PBXFileReference; fileEncoding = 4; lastKnownFileType = sourcecode.swift; path = MyGardenOverviewTableViewCell.swift; sourceTree = "<group>"; };
		26BDDBF21DEBA428003547BB /* MyGardenDetailTableViewCell.swift */ = {isa = PBXFileReference; fileEncoding = 4; lastKnownFileType = sourcecode.swift; path = MyGardenDetailTableViewCell.swift; sourceTree = "<group>"; };
		26BDDBF41DEBA95C003547BB /* MyGardenOverviewCropTableViewCell.swift */ = {isa = PBXFileReference; fileEncoding = 4; lastKnownFileType = sourcecode.swift; path = MyGardenOverviewCropTableViewCell.swift; sourceTree = "<group>"; };
		26BDDBF61DEBB494003547BB /* MyGardenDetailCollectionViewCell.swift */ = {isa = PBXFileReference; fileEncoding = 4; lastKnownFileType = sourcecode.swift; path = MyGardenDetailCollectionViewCell.swift; sourceTree = "<group>"; };
		26DC41AA1DF1018A003A2597 /* RowAddEditViewController.swift */ = {isa = PBXFileReference; fileEncoding = 4; lastKnownFileType = sourcecode.swift; path = RowAddEditViewController.swift; sourceTree = "<group>"; };
		28D51BCF81742784B56D6C5C /* Pods_Vegarden.framework */ = {isa = PBXFileReference; explicitFileType = wrapper.framework; includeInIndex = 0; path = Pods_Vegarden.framework; sourceTree = BUILT_PRODUCTS_DIR; };
		3D01FD11EF1B9293D296143F /* Pods-Vegarden.release.xcconfig */ = {isa = PBXFileReference; includeInIndex = 1; lastKnownFileType = text.xcconfig; name = "Pods-Vegarden.release.xcconfig"; path = "Pods/Target Support Files/Pods-Vegarden/Pods-Vegarden.release.xcconfig"; sourceTree = "<group>"; };
		960CCF661DAB7EB100CB62C5 /* SideBarMenuTableViewCell.swift */ = {isa = PBXFileReference; fileEncoding = 4; lastKnownFileType = sourcecode.swift; path = SideBarMenuTableViewCell.swift; sourceTree = "<group>"; };
		960E5AD81DCDDC2200ED39A8 /* NoteView.swift */ = {isa = PBXFileReference; fileEncoding = 4; lastKnownFileType = sourcecode.swift; path = NoteView.swift; sourceTree = "<group>"; };
		962805E51DB49C2E00DF9176 /* CropListTableViewController.swift */ = {isa = PBXFileReference; fileEncoding = 4; lastKnownFileType = sourcecode.swift; path = CropListTableViewController.swift; sourceTree = "<group>"; };
		962805E71DB4A29D00DF9176 /* CropListTableViewCell.swift */ = {isa = PBXFileReference; fileEncoding = 4; lastKnownFileType = sourcecode.swift; path = CropListTableViewCell.swift; sourceTree = "<group>"; };
		9654A8961DB5F95800A0A9D9 /* CropState+CoreDataClass.swift */ = {isa = PBXFileReference; fileEncoding = 4; lastKnownFileType = sourcecode.swift; path = "CropState+CoreDataClass.swift"; sourceTree = "<group>"; };
		9654A8971DB5F95800A0A9D9 /* CropState+CoreDataProperties.swift */ = {isa = PBXFileReference; fileEncoding = 4; lastKnownFileType = sourcecode.swift; path = "CropState+CoreDataProperties.swift"; sourceTree = "<group>"; };
		9654A89C1DB5F9E400A0A9D9 /* Crop+CoreDataClass.swift */ = {isa = PBXFileReference; fileEncoding = 4; lastKnownFileType = sourcecode.swift; path = "Crop+CoreDataClass.swift"; sourceTree = "<group>"; };
		9654A8A01DB7211600A0A9D9 /* HelperExtensions.swift */ = {isa = PBXFileReference; fileEncoding = 4; lastKnownFileType = sourcecode.swift; path = HelperExtensions.swift; sourceTree = "<group>"; };
		9654A8A31DB8875E00A0A9D9 /* GardenManagementProtocol.swift */ = {isa = PBXFileReference; fileEncoding = 4; lastKnownFileType = sourcecode.swift; path = GardenManagementProtocol.swift; sourceTree = "<group>"; };
		9654A8A51DB8C2C000A0A9D9 /* NSManagedObject+Duplicate.h */ = {isa = PBXFileReference; fileEncoding = 4; lastKnownFileType = sourcecode.c.h; path = "NSManagedObject+Duplicate.h"; sourceTree = "<group>"; };
		9654A8A61DB8C2C000A0A9D9 /* NSManagedObject+Duplicate.m */ = {isa = PBXFileReference; fileEncoding = 4; lastKnownFileType = sourcecode.c.objc; path = "NSManagedObject+Duplicate.m"; sourceTree = "<group>"; };
		9654A8A81DB8E06D00A0A9D9 /* Harvesting+CoreDataClass.swift */ = {isa = PBXFileReference; fileEncoding = 4; lastKnownFileType = sourcecode.swift; path = "Harvesting+CoreDataClass.swift"; sourceTree = "<group>"; };
		9654A8A91DB8E06D00A0A9D9 /* Harvesting+CoreDataProperties.swift */ = {isa = PBXFileReference; fileEncoding = 4; lastKnownFileType = sourcecode.swift; path = "Harvesting+CoreDataProperties.swift"; sourceTree = "<group>"; };
		96561A301DC1BE1500577F4B /* ActionMenuAlertView.swift */ = {isa = PBXFileReference; fileEncoding = 4; lastKnownFileType = sourcecode.swift; path = ActionMenuAlertView.swift; sourceTree = "<group>"; };
		9660596A1DCAA63A00FC5012 /* Row+CoreDataProperties.swift */ = {isa = PBXFileReference; fileEncoding = 4; lastKnownFileType = sourcecode.swift; name = "Row+CoreDataProperties.swift"; path = "CoreData/Row+CoreDataProperties.swift"; sourceTree = "<group>"; };
		9660596C1DCAA87700FC5012 /* Crop+CoreDataProperties.swift */ = {isa = PBXFileReference; fileEncoding = 4; lastKnownFileType = sourcecode.swift; path = "Crop+CoreDataProperties.swift"; sourceTree = "<group>"; };
		966F92261DC33176005C46F1 /* DetailPatchRowTableViewCell.swift */ = {isa = PBXFileReference; fileEncoding = 4; lastKnownFileType = sourcecode.swift; path = DetailPatchRowTableViewCell.swift; sourceTree = "<group>"; };
		96A8A63C1DD07FA3000A1673 /* CropInformationView.swift */ = {isa = PBXFileReference; fileEncoding = 4; lastKnownFileType = sourcecode.swift; path = CropInformationView.swift; sourceTree = "<group>"; };
		96A8A63E1DD08201000A1673 /* CropDetailLabelView.xib */ = {isa = PBXFileReference; fileEncoding = 4; lastKnownFileType = file.xib; path = CropDetailLabelView.xib; sourceTree = "<group>"; };
		96A8A6401DD08530000A1673 /* CropDetailLabelView.swift */ = {isa = PBXFileReference; fileEncoding = 4; lastKnownFileType = sourcecode.swift; path = CropDetailLabelView.swift; sourceTree = "<group>"; };
		96A8A6431DD08D3B000A1673 /* CropDetailLabel.swift */ = {isa = PBXFileReference; fileEncoding = 4; lastKnownFileType = sourcecode.swift; path = CropDetailLabel.swift; sourceTree = "<group>"; };
		96AF3C101DC83ACE00EA8D3D /* ActionMadeDTO.swift */ = {isa = PBXFileReference; fileEncoding = 4; lastKnownFileType = sourcecode.swift; path = ActionMadeDTO.swift; sourceTree = "<group>"; };
		96BB776B1DBDCED300DCADA9 /* LifeCycleTableViewController.swift */ = {isa = PBXFileReference; fileEncoding = 4; lastKnownFileType = sourcecode.swift; path = LifeCycleTableViewController.swift; sourceTree = "<group>"; };
		96BB776F1DBDD34000DCADA9 /* CropLifeCycleTableViewCell.swift */ = {isa = PBXFileReference; fileEncoding = 4; lastKnownFileType = sourcecode.swift; path = CropLifeCycleTableViewCell.swift; sourceTree = "<group>"; };
		96BB77771DBF18B800DCADA9 /* DetailViewCollectionViewCell.swift */ = {isa = PBXFileReference; fileEncoding = 4; lastKnownFileType = sourcecode.swift; path = DetailViewCollectionViewCell.swift; sourceTree = "<group>"; };
		96BB77791DBF45CA00DCADA9 /* LifeCycleTableViewExtension.swift */ = {isa = PBXFileReference; fileEncoding = 4; lastKnownFileType = sourcecode.swift; path = LifeCycleTableViewExtension.swift; sourceTree = "<group>"; };
		96D62C2F1DA9F4DF00DEF4EC /* AllCrops.plist */ = {isa = PBXFileReference; fileEncoding = 4; lastKnownFileType = text.plist.xml; path = AllCrops.plist; sourceTree = "<group>"; };
		96E08C051DBCDF3C00852683 /* PersitanceCallBackProtocol.swift */ = {isa = PBXFileReference; fileEncoding = 4; lastKnownFileType = sourcecode.swift; path = PersitanceCallBackProtocol.swift; sourceTree = "<group>"; };
		96EE77F01DB9033800971EBF /* FoldingCell.swift */ = {isa = PBXFileReference; fileEncoding = 4; lastKnownFileType = sourcecode.swift; path = FoldingCell.swift; sourceTree = "<group>"; };
		96EE77F21DB9E77200971EBF /* CropExtension.swift */ = {isa = PBXFileReference; fileEncoding = 4; lastKnownFileType = sourcecode.swift; path = CropExtension.swift; sourceTree = "<group>"; };
		96EE77F41DB9E97C00971EBF /* DateExtension.swift */ = {isa = PBXFileReference; fileEncoding = 4; lastKnownFileType = sourcecode.swift; path = DateExtension.swift; sourceTree = "<group>"; };
		96F722D81DAD04DA000100B2 /* ZoomInNavigationController.swift */ = {isa = PBXFileReference; fileEncoding = 4; lastKnownFileType = sourcecode.swift; path = ZoomInNavigationController.swift; sourceTree = "<group>"; };
		96F722F71DB309CD000100B2 /* ViewsExtensions.swift */ = {isa = PBXFileReference; fileEncoding = 4; lastKnownFileType = sourcecode.swift; path = ViewsExtensions.swift; sourceTree = "<group>"; };
		96F722FB1DB30A26000100B2 /* VTransition.swift */ = {isa = PBXFileReference; fileEncoding = 4; lastKnownFileType = sourcecode.swift; path = VTransition.swift; sourceTree = "<group>"; };
		96F722FD1DB30A5B000100B2 /* VTransitionProtocol.swift */ = {isa = PBXFileReference; fileEncoding = 4; lastKnownFileType = sourcecode.swift; path = VTransitionProtocol.swift; sourceTree = "<group>"; };
		96F723011DB30E5A000100B2 /* CropDetailCollectionViewController.swift */ = {isa = PBXFileReference; fileEncoding = 4; lastKnownFileType = sourcecode.swift; path = CropDetailCollectionViewController.swift; sourceTree = "<group>"; };
		96F723041DB3111A000100B2 /* VCropDetailPageViewCell.swift */ = {isa = PBXFileReference; fileEncoding = 4; lastKnownFileType = sourcecode.swift; path = VCropDetailPageViewCell.swift; sourceTree = "<group>"; };
		96F723081DB3118C000100B2 /* VCropDetailPageTableViewCell.swift */ = {isa = PBXFileReference; fileEncoding = 4; lastKnownFileType = sourcecode.swift; path = VCropDetailPageTableViewCell.swift; sourceTree = "<group>"; };
		96F7230A1DB3549B000100B2 /* Popup.h */ = {isa = PBXFileReference; fileEncoding = 4; lastKnownFileType = sourcecode.c.h; path = Popup.h; sourceTree = "<group>"; };
		96F7230B1DB3549B000100B2 /* Popup.m */ = {isa = PBXFileReference; fileEncoding = 4; lastKnownFileType = sourcecode.c.objc; path = Popup.m; sourceTree = "<group>"; };
		96F7230E1DB354EF000100B2 /* PopupCustomView.swift */ = {isa = PBXFileReference; fileEncoding = 4; lastKnownFileType = sourcecode.swift; path = PopupCustomView.swift; sourceTree = "<group>"; };
		96F723101DB360BA000100B2 /* GardenManager.swift */ = {isa = PBXFileReference; fileEncoding = 4; lastKnownFileType = sourcecode.swift; path = GardenManager.swift; sourceTree = "<group>"; };
		990DCAFE6F54E5AD9F2D944F /* Pods-Vegarden.debug.xcconfig */ = {isa = PBXFileReference; includeInIndex = 1; lastKnownFileType = text.xcconfig; name = "Pods-Vegarden.debug.xcconfig"; path = "Pods/Target Support Files/Pods-Vegarden/Pods-Vegarden.debug.xcconfig"; sourceTree = "<group>"; };
		B68186E19560B2D502A8A817 /* Pods_Vegarden.framework */ = {isa = PBXFileReference; explicitFileType = wrapper.framework; includeInIndex = 0; path = Pods_Vegarden.framework; sourceTree = BUILT_PRODUCTS_DIR; };
		BD203E461DA2305800951732 /* MasterViewController.swift */ = {isa = PBXFileReference; fileEncoding = 4; lastKnownFileType = sourcecode.swift; path = MasterViewController.swift; sourceTree = "<group>"; };
		BD203E4C1DA4F84000951732 /* Main.storyboard */ = {isa = PBXFileReference; fileEncoding = 4; lastKnownFileType = file.storyboard; path = Main.storyboard; sourceTree = "<group>"; };
		BD3307B31DA9EECA00F2EC6F /* MyCropsCollectionViewCell.swift */ = {isa = PBXFileReference; fileEncoding = 4; lastKnownFileType = sourcecode.swift; path = MyCropsCollectionViewCell.swift; sourceTree = "<group>"; };
		BD3307B41DA9EECA00F2EC6F /* MyCropsCollectionViewController.swift */ = {isa = PBXFileReference; fileEncoding = 4; lastKnownFileType = sourcecode.swift; path = MyCropsCollectionViewController.swift; sourceTree = "<group>"; };
		BD3307B61DA9EECA00F2EC6F /* RoundedCornersView.swift */ = {isa = PBXFileReference; fileEncoding = 4; lastKnownFileType = sourcecode.swift; path = RoundedCornersView.swift; sourceTree = "<group>"; };
		BD37C0F31DA50FBD00265405 /* Constants.swift */ = {isa = PBXFileReference; fileEncoding = 4; lastKnownFileType = sourcecode.swift; path = Constants.swift; sourceTree = "<group>"; };
		BD7B8EA61D9118080063347D /* Vegarden.app */ = {isa = PBXFileReference; explicitFileType = wrapper.application; includeInIndex = 0; path = Vegarden.app; sourceTree = BUILT_PRODUCTS_DIR; };
		BD7B8EA91D9118080063347D /* AppDelegate.swift */ = {isa = PBXFileReference; lastKnownFileType = sourcecode.swift; path = AppDelegate.swift; sourceTree = "<group>"; };
		BD7B8EAC1D9118080063347D /* Vegarden.xcdatamodel */ = {isa = PBXFileReference; lastKnownFileType = wrapper.xcdatamodel; path = Vegarden.xcdatamodel; sourceTree = "<group>"; };
		BD7B8EB51D9118080063347D /* Assets.xcassets */ = {isa = PBXFileReference; lastKnownFileType = folder.assetcatalog; path = Assets.xcassets; sourceTree = "<group>"; };
		BD7B8EB81D9118080063347D /* Base */ = {isa = PBXFileReference; lastKnownFileType = file.storyboard; name = Base; path = Base.lproj/LaunchScreen.storyboard; sourceTree = "<group>"; };
		BD7B8EBA1D9118080063347D /* Info.plist */ = {isa = PBXFileReference; lastKnownFileType = text.plist.xml; path = Info.plist; sourceTree = "<group>"; };
		BD83BF6B1D9FE56800C7D79A /* PersistenceManager.swift */ = {isa = PBXFileReference; fileEncoding = 4; lastKnownFileType = sourcecode.swift; path = PersistenceManager.swift; sourceTree = "<group>"; };
		BD83BF6E1D9FFA1B00C7D79A /* Vegarden-Bridging-Header.h */ = {isa = PBXFileReference; lastKnownFileType = sourcecode.c.h; path = "Vegarden-Bridging-Header.h"; sourceTree = "<group>"; };
		BD83BFA91DA0034700C7D79A /* AboutViewController.swift */ = {isa = PBXFileReference; fileEncoding = 4; lastKnownFileType = sourcecode.swift; path = AboutViewController.swift; sourceTree = "<group>"; };
		BDE0613A1D9FDC660003364D /* Fertilized+CoreDataClass.swift */ = {isa = PBXFileReference; fileEncoding = 4; lastKnownFileType = sourcecode.swift; name = "Fertilized+CoreDataClass.swift"; path = "CoreData/Fertilized+CoreDataClass.swift"; sourceTree = "<group>"; };
		BDE0613B1D9FDC660003364D /* Fertilized+CoreDataProperties.swift */ = {isa = PBXFileReference; fileEncoding = 4; lastKnownFileType = sourcecode.swift; name = "Fertilized+CoreDataProperties.swift"; path = "CoreData/Fertilized+CoreDataProperties.swift"; sourceTree = "<group>"; };
		BDE0613C1D9FDC660003364D /* Fruit+CoreDataClass.swift */ = {isa = PBXFileReference; fileEncoding = 4; lastKnownFileType = sourcecode.swift; name = "Fruit+CoreDataClass.swift"; path = "CoreData/Fruit+CoreDataClass.swift"; sourceTree = "<group>"; };
		BDE0613D1D9FDC660003364D /* Fruit+CoreDataProperties.swift */ = {isa = PBXFileReference; fileEncoding = 4; lastKnownFileType = sourcecode.swift; name = "Fruit+CoreDataProperties.swift"; path = "CoreData/Fruit+CoreDataProperties.swift"; sourceTree = "<group>"; };
		BDE0613E1D9FDC660003364D /* Garden+CoreDataClass.swift */ = {isa = PBXFileReference; fileEncoding = 4; lastKnownFileType = sourcecode.swift; name = "Garden+CoreDataClass.swift"; path = "CoreData/Garden+CoreDataClass.swift"; sourceTree = "<group>"; };
		BDE0613F1D9FDC660003364D /* Garden+CoreDataProperties.swift */ = {isa = PBXFileReference; fileEncoding = 4; lastKnownFileType = sourcecode.swift; name = "Garden+CoreDataProperties.swift"; path = "CoreData/Garden+CoreDataProperties.swift"; sourceTree = "<group>"; };
		BDE061401D9FDC660003364D /* GardenLocation+CoreDataClass.swift */ = {isa = PBXFileReference; fileEncoding = 4; lastKnownFileType = sourcecode.swift; name = "GardenLocation+CoreDataClass.swift"; path = "CoreData/GardenLocation+CoreDataClass.swift"; sourceTree = "<group>"; };
		BDE061411D9FDC660003364D /* GardenLocation+CoreDataProperties.swift */ = {isa = PBXFileReference; fileEncoding = 4; lastKnownFileType = sourcecode.swift; name = "GardenLocation+CoreDataProperties.swift"; path = "CoreData/GardenLocation+CoreDataProperties.swift"; sourceTree = "<group>"; };
		BDE061421D9FDC660003364D /* Growing+CoreDataClass.swift */ = {isa = PBXFileReference; fileEncoding = 4; lastKnownFileType = sourcecode.swift; name = "Growing+CoreDataClass.swift"; path = "CoreData/Growing+CoreDataClass.swift"; sourceTree = "<group>"; };
		BDE061431D9FDC660003364D /* Growing+CoreDataProperties.swift */ = {isa = PBXFileReference; fileEncoding = 4; lastKnownFileType = sourcecode.swift; name = "Growing+CoreDataProperties.swift"; path = "CoreData/Growing+CoreDataProperties.swift"; sourceTree = "<group>"; };
		BDE061441D9FDC660003364D /* Grown+CoreDataClass.swift */ = {isa = PBXFileReference; fileEncoding = 4; lastKnownFileType = sourcecode.swift; name = "Grown+CoreDataClass.swift"; path = "CoreData/Grown+CoreDataClass.swift"; sourceTree = "<group>"; };
		BDE061451D9FDC660003364D /* Grown+CoreDataProperties.swift */ = {isa = PBXFileReference; fileEncoding = 4; lastKnownFileType = sourcecode.swift; name = "Grown+CoreDataProperties.swift"; path = "CoreData/Grown+CoreDataProperties.swift"; sourceTree = "<group>"; };
		BDE061461D9FDC660003364D /* Harvested+CoreDataClass.swift */ = {isa = PBXFileReference; fileEncoding = 4; lastKnownFileType = sourcecode.swift; name = "Harvested+CoreDataClass.swift"; path = "CoreData/Harvested+CoreDataClass.swift"; sourceTree = "<group>"; };
		BDE061471D9FDC660003364D /* Harvested+CoreDataProperties.swift */ = {isa = PBXFileReference; fileEncoding = 4; lastKnownFileType = sourcecode.swift; name = "Harvested+CoreDataProperties.swift"; path = "CoreData/Harvested+CoreDataProperties.swift"; sourceTree = "<group>"; };
		BDE061481D9FDC660003364D /* Herb+CoreDataClass.swift */ = {isa = PBXFileReference; fileEncoding = 4; lastKnownFileType = sourcecode.swift; name = "Herb+CoreDataClass.swift"; path = "CoreData/Herb+CoreDataClass.swift"; sourceTree = "<group>"; };
		BDE061491D9FDC660003364D /* Herb+CoreDataProperties.swift */ = {isa = PBXFileReference; fileEncoding = 4; lastKnownFileType = sourcecode.swift; name = "Herb+CoreDataProperties.swift"; path = "CoreData/Herb+CoreDataProperties.swift"; sourceTree = "<group>"; };
		BDE0614A1D9FDC660003364D /* Irrigated+CoreDataClass.swift */ = {isa = PBXFileReference; fileEncoding = 4; lastKnownFileType = sourcecode.swift; name = "Irrigated+CoreDataClass.swift"; path = "CoreData/Irrigated+CoreDataClass.swift"; sourceTree = "<group>"; };
		BDE0614B1D9FDC660003364D /* Irrigated+CoreDataProperties.swift */ = {isa = PBXFileReference; fileEncoding = 4; lastKnownFileType = sourcecode.swift; name = "Irrigated+CoreDataProperties.swift"; path = "CoreData/Irrigated+CoreDataProperties.swift"; sourceTree = "<group>"; };
		BDE0614C1D9FDC660003364D /* Location+CoreDataClass.swift */ = {isa = PBXFileReference; fileEncoding = 4; lastKnownFileType = sourcecode.swift; name = "Location+CoreDataClass.swift"; path = "CoreData/Location+CoreDataClass.swift"; sourceTree = "<group>"; };
		BDE0614D1D9FDC660003364D /* Location+CoreDataProperties.swift */ = {isa = PBXFileReference; fileEncoding = 4; lastKnownFileType = sourcecode.swift; name = "Location+CoreDataProperties.swift"; path = "CoreData/Location+CoreDataProperties.swift"; sourceTree = "<group>"; };
		BDE0614E1D9FDC660003364D /* Paddock+CoreDataClass.swift */ = {isa = PBXFileReference; fileEncoding = 4; lastKnownFileType = sourcecode.swift; name = "Paddock+CoreDataClass.swift"; path = "CoreData/Paddock+CoreDataClass.swift"; sourceTree = "<group>"; };
		BDE0614F1D9FDC660003364D /* Paddock+CoreDataProperties.swift */ = {isa = PBXFileReference; fileEncoding = 4; lastKnownFileType = sourcecode.swift; name = "Paddock+CoreDataProperties.swift"; path = "CoreData/Paddock+CoreDataProperties.swift"; sourceTree = "<group>"; };
		BDE061501D9FDC660003364D /* PaddockLocation+CoreDataClass.swift */ = {isa = PBXFileReference; fileEncoding = 4; lastKnownFileType = sourcecode.swift; name = "PaddockLocation+CoreDataClass.swift"; path = "CoreData/PaddockLocation+CoreDataClass.swift"; sourceTree = "<group>"; };
		BDE061511D9FDC660003364D /* PaddockLocation+CoreDataProperties.swift */ = {isa = PBXFileReference; fileEncoding = 4; lastKnownFileType = sourcecode.swift; name = "PaddockLocation+CoreDataProperties.swift"; path = "CoreData/PaddockLocation+CoreDataProperties.swift"; sourceTree = "<group>"; };
		BDE061521D9FDC660003364D /* Row+CoreDataClass.swift */ = {isa = PBXFileReference; fileEncoding = 4; lastKnownFileType = sourcecode.swift; name = "Row+CoreDataClass.swift"; path = "CoreData/Row+CoreDataClass.swift"; sourceTree = "<group>"; };
		BDE061541D9FDC660003364D /* RowLifeState+CoreDataClass.swift */ = {isa = PBXFileReference; fileEncoding = 4; lastKnownFileType = sourcecode.swift; name = "RowLifeState+CoreDataClass.swift"; path = "CoreData/RowLifeState+CoreDataClass.swift"; sourceTree = "<group>"; };
		BDE061561D9FDC660003364D /* Seed+CoreDataClass.swift */ = {isa = PBXFileReference; fileEncoding = 4; lastKnownFileType = sourcecode.swift; name = "Seed+CoreDataClass.swift"; path = "CoreData/Seed+CoreDataClass.swift"; sourceTree = "<group>"; };
		BDE061571D9FDC660003364D /* Seed+CoreDataProperties.swift */ = {isa = PBXFileReference; fileEncoding = 4; lastKnownFileType = sourcecode.swift; name = "Seed+CoreDataProperties.swift"; path = "CoreData/Seed+CoreDataProperties.swift"; sourceTree = "<group>"; };
		BDE061581D9FDC660003364D /* Seedling+CoreDataClass.swift */ = {isa = PBXFileReference; fileEncoding = 4; lastKnownFileType = sourcecode.swift; name = "Seedling+CoreDataClass.swift"; path = "CoreData/Seedling+CoreDataClass.swift"; sourceTree = "<group>"; };
		BDE061591D9FDC660003364D /* Seedling+CoreDataProperties.swift */ = {isa = PBXFileReference; fileEncoding = 4; lastKnownFileType = sourcecode.swift; name = "Seedling+CoreDataProperties.swift"; path = "CoreData/Seedling+CoreDataProperties.swift"; sourceTree = "<group>"; };
		BDE0615A1D9FDC660003364D /* Soil+CoreDataClass.swift */ = {isa = PBXFileReference; fileEncoding = 4; lastKnownFileType = sourcecode.swift; name = "Soil+CoreDataClass.swift"; path = "CoreData/Soil+CoreDataClass.swift"; sourceTree = "<group>"; };
		BDE0615B1D9FDC660003364D /* Soil+CoreDataProperties.swift */ = {isa = PBXFileReference; fileEncoding = 4; lastKnownFileType = sourcecode.swift; name = "Soil+CoreDataProperties.swift"; path = "CoreData/Soil+CoreDataProperties.swift"; sourceTree = "<group>"; };
		BDE0615C1D9FDC660003364D /* Veggie+CoreDataClass.swift */ = {isa = PBXFileReference; fileEncoding = 4; lastKnownFileType = sourcecode.swift; name = "Veggie+CoreDataClass.swift"; path = "CoreData/Veggie+CoreDataClass.swift"; sourceTree = "<group>"; };
		BDE0615D1D9FDC660003364D /* Veggie+CoreDataProperties.swift */ = {isa = PBXFileReference; fileEncoding = 4; lastKnownFileType = sourcecode.swift; name = "Veggie+CoreDataProperties.swift"; path = "CoreData/Veggie+CoreDataProperties.swift"; sourceTree = "<group>"; };
		BDE0615E1D9FDC660003364D /* Weed+CoreDataClass.swift */ = {isa = PBXFileReference; fileEncoding = 4; lastKnownFileType = sourcecode.swift; name = "Weed+CoreDataClass.swift"; path = "CoreData/Weed+CoreDataClass.swift"; sourceTree = "<group>"; };
		BDE0615F1D9FDC660003364D /* Weed+CoreDataProperties.swift */ = {isa = PBXFileReference; fileEncoding = 4; lastKnownFileType = sourcecode.swift; name = "Weed+CoreDataProperties.swift"; path = "CoreData/Weed+CoreDataProperties.swift"; sourceTree = "<group>"; };
/* End PBXFileReference section */

/* Begin PBXFrameworksBuildPhase section */
		BD7B8EA31D9118060063347D /* Frameworks */ = {
			isa = PBXFrameworksBuildPhase;
			buildActionMask = 2147483647;
			files = (
				5E74EA8800A53DA97085CCD5 /* Pods_Vegarden.framework in Frameworks */,
				D7FCD5BF14C395F84B2CEA6C /* Pods_Vegarden.framework in Frameworks */,
			);
			runOnlyForDeploymentPostprocessing = 0;
		};
/* End PBXFrameworksBuildPhase section */

/* Begin PBXGroup section */
		2620FCE71DEE485100352111 /* MyGardenActionMenusAlertView */ = {
			isa = PBXGroup;
			children = (
				2620FCE81DEE4A2A00352111 /* PatchAddEditViewController.swift */,
				26DC41AA1DF1018A003A2597 /* RowAddEditViewController.swift */,
			);
			name = MyGardenActionMenusAlertView;
			sourceTree = "<group>";
		};
		2620FCEA1DEE4FD900352111 /* PatchRowEditCells */ = {
			isa = PBXGroup;
			children = (
				2620FCEB1DEE4FFB00352111 /* PatchEditionTableViewCell.swift */,
			);
			name = PatchRowEditCells;
			sourceTree = "<group>";
		};
		266F509D1DE66EB60064C05D /* ActionMenuAlertView */ = {
			isa = PBXGroup;
			children = (
				96561A301DC1BE1500577F4B /* ActionMenuAlertView.swift */,
				266F509E1DE66EF70064C05D /* ActionMenuAlertTableHeaderView.swift */,
			);
			name = ActionMenuAlertView;
			sourceTree = "<group>";
		};
		2690D6D21DEE8ED600259F26 /* MyGardenViewController */ = {
			isa = PBXGroup;
			children = (
				26BDDBED1DEBA031003547BB /* MyGardenViewController.swift */,
				2690D6DA1DEF880000259F26 /* MyGardenTableSectionHeaderView.swift */,
				2690D6D91DEF877300259F26 /* MyGardenTableHeaderView */,
				2620FCE71DEE485100352111 /* MyGardenActionMenusAlertView */,
			);
			name = MyGardenViewController;
			sourceTree = "<group>";
		};
		2690D6D91DEF877300259F26 /* MyGardenTableHeaderView */ = {
			isa = PBXGroup;
			children = (
				2690D6D51DEF83BB00259F26 /* MyGardenHeaderView.swift */,
				2690D6D71DEF83D300259F26 /* MyGardenHeaderView.xib */,
			);
			name = MyGardenTableHeaderView;
			sourceTree = "<group>";
		};
		26A683331DE9BC7C00902129 /* Fonts */ = {
			isa = PBXGroup;
			children = (
				26A6833A1DEA830E00902129 /* OpenSans-Regular.ttf */,
				26A683311DE9BA5100902129 /* OpenSans-Light.ttf */,
			);
			name = Fonts;
			sourceTree = "<group>";
		};
		26BDDBEF1DEBA3CE003547BB /* MyGardenViewCells */ = {
			isa = PBXGroup;
			children = (
				2620FCEA1DEE4FD900352111 /* PatchRowEditCells */,
				26BDDBF01DEBA411003547BB /* MyGardenOverviewTableViewCell.swift */,
				26BDDBF21DEBA428003547BB /* MyGardenDetailTableViewCell.swift */,
				26BDDBF41DEBA95C003547BB /* MyGardenOverviewCropTableViewCell.swift */,
				26BDDBF61DEBB494003547BB /* MyGardenDetailCollectionViewCell.swift */,
			);
			name = MyGardenViewCells;
			sourceTree = "<group>";
		};
		55AE3718F559B73804B39E4A /* Frameworks */ = {
			isa = PBXGroup;
			children = (
				B68186E19560B2D502A8A817 /* Pods_Vegarden.framework */,
			);
			name = Frameworks;
			sourceTree = "<group>";
		};
		6F59DDC4D0791FBC80CE3F13 /* Pods */ = {
			isa = PBXGroup;
			children = (
				990DCAFE6F54E5AD9F2D944F /* Pods-Vegarden.debug.xcconfig */,
				3D01FD11EF1B9293D296143F /* Pods-Vegarden.release.xcconfig */,
			);
			name = Pods;
			sourceTree = "<group>";
		};
		7A1AD46C11CADAE35089C031 /* c */ = {
			isa = PBXGroup;
			children = (
				28D51BCF81742784B56D6C5C /* Pods_Vegarden.framework */,
			);
			name = c;
			sourceTree = "<group>";
		};
		960E5ADA1DCDEFE300ED39A8 /* DTO */ = {
			isa = PBXGroup;
			children = (
				96AF3C101DC83ACE00EA8D3D /* ActionMadeDTO.swift */,
				2681451F1DDEBF7B00BE6018 /* PlantDTO.swift */,
				263BBCEC1DF3E18800DA49F6 /* RowsInfo.swift */,
				263BBCEE1DF3E1B400DA49F6 /* PatchInfo.swift */,
			);
			name = DTO;
			sourceTree = "<group>";
		};
		960E5ADB1DCE150F00ED39A8 /* MyCropsViewController */ = {
			isa = PBXGroup;
			children = (
				BD3307B41DA9EECA00F2EC6F /* MyCropsCollectionViewController.swift */,
				96F723011DB30E5A000100B2 /* CropDetailCollectionViewController.swift */,
			);
			name = MyCropsViewController;
			sourceTree = "<group>";
		};
		9654A88F1DB5F65800A0A9D9 /* Crop */ = {
			isa = PBXGroup;
			children = (
				9654A8931DB5F6BA00A0A9D9 /* States */,
				9654A89C1DB5F9E400A0A9D9 /* Crop+CoreDataClass.swift */,
				9660596C1DCAA87700FC5012 /* Crop+CoreDataProperties.swift */,
				96EE77F21DB9E77200971EBF /* CropExtension.swift */,
				BDE0613C1D9FDC660003364D /* Fruit+CoreDataClass.swift */,
				BDE0613D1D9FDC660003364D /* Fruit+CoreDataProperties.swift */,
				BDE061481D9FDC660003364D /* Herb+CoreDataClass.swift */,
				BDE061491D9FDC660003364D /* Herb+CoreDataProperties.swift */,
				BDE0615C1D9FDC660003364D /* Veggie+CoreDataClass.swift */,
				BDE0615D1D9FDC660003364D /* Veggie+CoreDataProperties.swift */,
			);
			name = Crop;
			sourceTree = "<group>";
		};
		9654A8901DB5F65F00A0A9D9 /* Garden */ = {
			isa = PBXGroup;
			children = (
				BDE0613E1D9FDC660003364D /* Garden+CoreDataClass.swift */,
				BDE0613F1D9FDC660003364D /* Garden+CoreDataProperties.swift */,
				BDE061401D9FDC660003364D /* GardenLocation+CoreDataClass.swift */,
				BDE061411D9FDC660003364D /* GardenLocation+CoreDataProperties.swift */,
				BDE0614C1D9FDC660003364D /* Location+CoreDataClass.swift */,
				BDE0614D1D9FDC660003364D /* Location+CoreDataProperties.swift */,
				BDE0614E1D9FDC660003364D /* Paddock+CoreDataClass.swift */,
				BDE0614F1D9FDC660003364D /* Paddock+CoreDataProperties.swift */,
				BDE061501D9FDC660003364D /* PaddockLocation+CoreDataClass.swift */,
				BDE061511D9FDC660003364D /* PaddockLocation+CoreDataProperties.swift */,
				BDE0615A1D9FDC660003364D /* Soil+CoreDataClass.swift */,
				BDE0615B1D9FDC660003364D /* Soil+CoreDataProperties.swift */,
			);
			name = Garden;
			sourceTree = "<group>";
		};
		9654A8921DB5F68500A0A9D9 /* Row */ = {
			isa = PBXGroup;
			children = (
				BDE0614A1D9FDC660003364D /* Irrigated+CoreDataClass.swift */,
				BDE0614B1D9FDC660003364D /* Irrigated+CoreDataProperties.swift */,
				BDE0613A1D9FDC660003364D /* Fertilized+CoreDataClass.swift */,
				BDE0613B1D9FDC660003364D /* Fertilized+CoreDataProperties.swift */,
				BDE0615E1D9FDC660003364D /* Weed+CoreDataClass.swift */,
				BDE0615F1D9FDC660003364D /* Weed+CoreDataProperties.swift */,
				BDE061521D9FDC660003364D /* Row+CoreDataClass.swift */,
				9660596A1DCAA63A00FC5012 /* Row+CoreDataProperties.swift */,
				BDE061541D9FDC660003364D /* RowLifeState+CoreDataClass.swift */,
				267CE9381DE7CCFE00702636 /* RowLifeState+CoreDataProperties.swift */,
			);
			name = Row;
			sourceTree = "<group>";
		};
		9654A8931DB5F6BA00A0A9D9 /* States */ = {
			isa = PBXGroup;
			children = (
				9654A8961DB5F95800A0A9D9 /* CropState+CoreDataClass.swift */,
				9654A8971DB5F95800A0A9D9 /* CropState+CoreDataProperties.swift */,
				BDE061561D9FDC660003364D /* Seed+CoreDataClass.swift */,
				BDE061571D9FDC660003364D /* Seed+CoreDataProperties.swift */,
				BDE061581D9FDC660003364D /* Seedling+CoreDataClass.swift */,
				BDE061591D9FDC660003364D /* Seedling+CoreDataProperties.swift */,
				BDE061421D9FDC660003364D /* Growing+CoreDataClass.swift */,
				BDE061431D9FDC660003364D /* Growing+CoreDataProperties.swift */,
				BDE061441D9FDC660003364D /* Grown+CoreDataClass.swift */,
				BDE061451D9FDC660003364D /* Grown+CoreDataProperties.swift */,
				BDE061461D9FDC660003364D /* Harvested+CoreDataClass.swift */,
				BDE061471D9FDC660003364D /* Harvested+CoreDataProperties.swift */,
				9654A8A81DB8E06D00A0A9D9 /* Harvesting+CoreDataClass.swift */,
				9654A8A91DB8E06D00A0A9D9 /* Harvesting+CoreDataProperties.swift */,
			);
			name = States;
			sourceTree = "<group>";
		};
		9654A8A21DB8870E00A0A9D9 /* Protocols */ = {
			isa = PBXGroup;
			children = (
				96E08C051DBCDF3C00852683 /* PersitanceCallBackProtocol.swift */,
				9654A8A31DB8875E00A0A9D9 /* GardenManagementProtocol.swift */,
			);
			name = Protocols;
			sourceTree = "<group>";
		};
		96A8A63B1DD07F59000A1673 /* CropInfoViews */ = {
			isa = PBXGroup;
			children = (
				96A8A63C1DD07FA3000A1673 /* CropInformationView.swift */,
				266B557B1DF7B124001D2E8D /* CropInformationView.xib */,
				96A8A6401DD08530000A1673 /* CropDetailLabelView.swift */,
				96A8A63E1DD08201000A1673 /* CropDetailLabelView.xib */,
			);
			name = CropInfoViews;
			path = ..;
			sourceTree = "<group>";
		};
		96A8A6421DD08D08000A1673 /* Appereance */ = {
			isa = PBXGroup;
			children = (
				96A8A6431DD08D3B000A1673 /* CropDetailLabel.swift */,
				26359EBA1DD40B9500C6D698 /* CropDetailsFlowLayout.swift */,
			);
			name = Appereance;
			sourceTree = "<group>";
		};
		96BB77731DBF052000DCADA9 /* LifeCycleViewController */ = {
			isa = PBXGroup;
			children = (
				96BB776B1DBDCED300DCADA9 /* LifeCycleTableViewController.swift */,
				96BB77791DBF45CA00DCADA9 /* LifeCycleTableViewExtension.swift */,
			);
			name = LifeCycleViewController;
			sourceTree = "<group>";
		};
		96BB77761DBF174600DCADA9 /* LifeCycleViewCells */ = {
			isa = PBXGroup;
			children = (
				96EE77F01DB9033800971EBF /* FoldingCell.swift */,
				96BB776F1DBDD34000DCADA9 /* CropLifeCycleTableViewCell.swift */,
				96BB77771DBF18B800DCADA9 /* DetailViewCollectionViewCell.swift */,
			);
			name = LifeCycleViewCells;
			sourceTree = "<group>";
		};
		96F722D71DAD04AB000100B2 /* NavigationControllers */ = {
			isa = PBXGroup;
			children = (
				96F722D81DAD04DA000100B2 /* ZoomInNavigationController.swift */,
			);
			name = NavigationControllers;
			sourceTree = "<group>";
		};
		96F722F41DB30968000100B2 /* Constants & Macros */ = {
			isa = PBXGroup;
			children = (
				BD37C0F31DA50FBD00265405 /* Constants.swift */,
				263BBCF01DF3E22000DA49F6 /* NotificationsIds.swift */,
				263BBCF31DF3E39900DA49F6 /* Macros.swift */,
			);
			name = "Constants & Macros";
			sourceTree = "<group>";
		};
		96F722F91DB309DD000100B2 /* Extensions */ = {
			isa = PBXGroup;
			children = (
				9654A8A51DB8C2C000A0A9D9 /* NSManagedObject+Duplicate.h */,
				9654A8A61DB8C2C000A0A9D9 /* NSManagedObject+Duplicate.m */,
				96F722F71DB309CD000100B2 /* ViewsExtensions.swift */,
				9654A8A01DB7211600A0A9D9 /* HelperExtensions.swift */,
				96EE77F41DB9E97C00971EBF /* DateExtension.swift */,
			);
			name = Extensions;
			sourceTree = "<group>";
		};
		96F722FA1DB309FC000100B2 /* Transitions */ = {
			isa = PBXGroup;
			children = (
				96F722FB1DB30A26000100B2 /* VTransition.swift */,
				96F722FD1DB30A5B000100B2 /* VTransitionProtocol.swift */,
			);
			name = Transitions;
			sourceTree = "<group>";
		};
		96F723071DB3114C000100B2 /* CropDetailPageViewCell */ = {
			isa = PBXGroup;
			children = (
				96F723041DB3111A000100B2 /* VCropDetailPageViewCell.swift */,
				96F723081DB3118C000100B2 /* VCropDetailPageTableViewCell.swift */,
			);
			name = CropDetailPageViewCell;
			sourceTree = "<group>";
		};
		96F7230D1DB3549F000100B2 /* PopUpView */ = {
			isa = PBXGroup;
			children = (
				96F7230A1DB3549B000100B2 /* Popup.h */,
				96F7230B1DB3549B000100B2 /* Popup.m */,
				96F7230E1DB354EF000100B2 /* PopupCustomView.swift */,
				962805E51DB49C2E00DF9176 /* CropListTableViewController.swift */,
				962805E71DB4A29D00DF9176 /* CropListTableViewCell.swift */,
			);
			name = PopUpView;
			sourceTree = "<group>";
		};
		96F723121DB360C1000100B2 /* Managers */ = {
			isa = PBXGroup;
			children = (
				BD83BF6B1D9FE56800C7D79A /* PersistenceManager.swift */,
				96F723101DB360BA000100B2 /* GardenManager.swift */,
				266CFC781DD5D0730043FD5B /* GardenManagerExtension.swift */,
			);
			name = Managers;
			sourceTree = "<group>";
		};
		BD3307BD1DA9EEDB00F2EC6F /* CellViews */ = {
			isa = PBXGroup;
			children = (
				96BB77761DBF174600DCADA9 /* LifeCycleViewCells */,
				96F723071DB3114C000100B2 /* CropDetailPageViewCell */,
				26BDDBEF1DEBA3CE003547BB /* MyGardenViewCells */,
				BD3307B31DA9EECA00F2EC6F /* MyCropsCollectionViewCell.swift */,
				960CCF661DAB7EB100CB62C5 /* SideBarMenuTableViewCell.swift */,
				966F92261DC33176005C46F1 /* DetailPatchRowTableViewCell.swift */,
			);
			name = CellViews;
			sourceTree = "<group>";
		};
		BD3307BE1DA9EEEB00F2EC6F /* Views */ = {
			isa = PBXGroup;
			children = (
				96A8A6421DD08D08000A1673 /* Appereance */,
				96F7230D1DB3549F000100B2 /* PopUpView */,
				BD3307B61DA9EECA00F2EC6F /* RoundedCornersView.swift */,
				960E5AD81DCDDC2200ED39A8 /* NoteView.swift */,
				2681451D1DDD7B6700BE6018 /* ConfirmationView.swift */,
			);
			name = Views;
			sourceTree = "<group>";
		};
		BD46A6B01D991A1A004D7405 /* CoreData */ = {
			isa = PBXGroup;
			children = (
				9654A8901DB5F65F00A0A9D9 /* Garden */,
				9654A8921DB5F68500A0A9D9 /* Row */,
				9654A88F1DB5F65800A0A9D9 /* Crop */,
			);
			name = CoreData;
			sourceTree = "<group>";
		};
		BD7B8E9D1D9118060063347D = {
			isa = PBXGroup;
			children = (
				BD7B8EA81D9118080063347D /* Vegarden */,
				BD7B8EA71D9118080063347D /* Products */,
				6F59DDC4D0791FBC80CE3F13 /* Pods */,
				7A1AD46C11CADAE35089C031 /* c */,
				55AE3718F559B73804B39E4A /* Frameworks */,
			);
			sourceTree = "<group>";
		};
		BD7B8EA71D9118080063347D /* Products */ = {
			isa = PBXGroup;
			children = (
				BD7B8EA61D9118080063347D /* Vegarden.app */,
			);
			name = Products;
			sourceTree = "<group>";
		};
		BD7B8EA81D9118080063347D /* Vegarden */ = {
			isa = PBXGroup;
			children = (
				BD83BF6E1D9FFA1B00C7D79A /* Vegarden-Bridging-Header.h */,
				96D62C2F1DA9F4DF00DEF4EC /* AllCrops.plist */,
				BD46A6B01D991A1A004D7405 /* CoreData */,
				BD83BF941D9FFEA300C7D79A /* ViewControllers */,
				960E5ADA1DCDEFE300ED39A8 /* DTO */,
				BD3307BD1DA9EEDB00F2EC6F /* CellViews */,
				96F722F91DB309DD000100B2 /* Extensions */,
				BD3307BE1DA9EEEB00F2EC6F /* Views */,
				96A8A63B1DD07F59000A1673 /* CropInfoViews */,
				BD7B8EA91D9118080063347D /* AppDelegate.swift */,
				9654A8A21DB8870E00A0A9D9 /* Protocols */,
				96F723121DB360C1000100B2 /* Managers */,
				96F722F41DB30968000100B2 /* Constants & Macros */,
				BD7B8EB51D9118080063347D /* Assets.xcassets */,
				26A683331DE9BC7C00902129 /* Fonts */,
				BD7B8EB71D9118080063347D /* LaunchScreen.storyboard */,
				BD203E4C1DA4F84000951732 /* Main.storyboard */,
				BD7B8EBA1D9118080063347D /* Info.plist */,
				BD7B8EAB1D9118080063347D /* Vegarden.xcdatamodeld */,
			);
			path = Vegarden;
			sourceTree = "<group>";
		};
		BD83BF941D9FFEA300C7D79A /* ViewControllers */ = {
			isa = PBXGroup;
			children = (
				96F722FA1DB309FC000100B2 /* Transitions */,
				96F722D71DAD04AB000100B2 /* NavigationControllers */,
				BD203E461DA2305800951732 /* MasterViewController.swift */,
				BD83BFA91DA0034700C7D79A /* AboutViewController.swift */,
				2690D6D21DEE8ED600259F26 /* MyGardenViewController */,
				266F509D1DE66EB60064C05D /* ActionMenuAlertView */,
				960E5ADB1DCE150F00ED39A8 /* MyCropsViewController */,
				96BB77731DBF052000DCADA9 /* LifeCycleViewController */,
			);
			name = ViewControllers;
			sourceTree = "<group>";
		};
/* End PBXGroup section */

/* Begin PBXNativeTarget section */
		BD7B8EA51D9118060063347D /* Vegarden */ = {
			isa = PBXNativeTarget;
			buildConfigurationList = BD7B8EBD1D9118080063347D /* Build configuration list for PBXNativeTarget "Vegarden" */;
			buildPhases = (
				44651EE404C08532CDBC30FE /* [CP] Check Pods Manifest.lock */,
				BD7B8EA21D9118060063347D /* Sources */,
				BD7B8EA31D9118060063347D /* Frameworks */,
				BD7B8EA41D9118060063347D /* Resources */,
				B826B8E29E74331F391F823F /* [CP] Embed Pods Frameworks */,
				10F47C85EA049406C696B07D /* [CP] Copy Pods Resources */,
			);
			buildRules = (
			);
			dependencies = (
			);
			name = Vegarden;
			productName = Vegarden;
			productReference = BD7B8EA61D9118080063347D /* Vegarden.app */;
			productType = "com.apple.product-type.application";
		};
/* End PBXNativeTarget section */

/* Begin PBXProject section */
		BD7B8E9E1D9118060063347D /* Project object */ = {
			isa = PBXProject;
			attributes = {
				LastSwiftUpdateCheck = 0800;
				LastUpgradeCheck = 0810;
				ORGANIZATIONNAME = "Juan Nuvreni";
				TargetAttributes = {
					BD7B8EA51D9118060063347D = {
						CreatedOnToolsVersion = 8.0;
						DevelopmentTeam = C8499A962H;
						LastSwiftMigration = 0800;
						ProvisioningStyle = Automatic;
					};
				};
			};
			buildConfigurationList = BD7B8EA11D9118060063347D /* Build configuration list for PBXProject "Vegarden" */;
			compatibilityVersion = "Xcode 3.2";
			developmentRegion = English;
			hasScannedForEncodings = 0;
			knownRegions = (
				en,
				Base,
			);
			mainGroup = BD7B8E9D1D9118060063347D;
			productRefGroup = BD7B8EA71D9118080063347D /* Products */;
			projectDirPath = "";
			projectRoot = "";
			targets = (
				BD7B8EA51D9118060063347D /* Vegarden */,
			);
		};
/* End PBXProject section */

/* Begin PBXResourcesBuildPhase section */
		BD7B8EA41D9118060063347D /* Resources */ = {
			isa = PBXResourcesBuildPhase;
			buildActionMask = 2147483647;
			files = (
				BD7B8EB91D9118080063347D /* LaunchScreen.storyboard in Resources */,
				2690D6D81DEF83D300259F26 /* MyGardenHeaderView.xib in Resources */,
				26A683321DE9BA5100902129 /* OpenSans-Light.ttf in Resources */,
				BD203E4D1DA4F84000951732 /* Main.storyboard in Resources */,
				266B557C1DF7B124001D2E8D /* CropInformationView.xib in Resources */,
				BD7B8EB61D9118080063347D /* Assets.xcassets in Resources */,
				96A8A63F1DD08201000A1673 /* CropDetailLabelView.xib in Resources */,
				26A6833B1DEA830E00902129 /* OpenSans-Regular.ttf in Resources */,
				96D62C301DA9F4DF00DEF4EC /* AllCrops.plist in Resources */,
			);
			runOnlyForDeploymentPostprocessing = 0;
		};
/* End PBXResourcesBuildPhase section */

/* Begin PBXShellScriptBuildPhase section */
		10F47C85EA049406C696B07D /* [CP] Copy Pods Resources */ = {
			isa = PBXShellScriptBuildPhase;
			buildActionMask = 2147483647;
			files = (
			);
			inputPaths = (
			);
			name = "[CP] Copy Pods Resources";
			outputPaths = (
			);
			runOnlyForDeploymentPostprocessing = 0;
			shellPath = /bin/sh;
			shellScript = "\"${SRCROOT}/Pods/Target Support Files/Pods-Vegarden/Pods-Vegarden-resources.sh\"\n";
			showEnvVarsInLog = 0;
		};
		44651EE404C08532CDBC30FE /* [CP] Check Pods Manifest.lock */ = {
			isa = PBXShellScriptBuildPhase;
			buildActionMask = 2147483647;
			files = (
			);
			inputPaths = (
			);
			name = "[CP] Check Pods Manifest.lock";
			outputPaths = (
			);
			runOnlyForDeploymentPostprocessing = 0;
			shellPath = /bin/sh;
			shellScript = "diff \"${PODS_ROOT}/../Podfile.lock\" \"${PODS_ROOT}/Manifest.lock\" > /dev/null\nif [ $? != 0 ] ; then\n    # print error to STDERR\n    echo \"error: The sandbox is not in sync with the Podfile.lock. Run 'pod install' or update your CocoaPods installation.\" >&2\n    exit 1\nfi\n";
			showEnvVarsInLog = 0;
		};
		B826B8E29E74331F391F823F /* [CP] Embed Pods Frameworks */ = {
			isa = PBXShellScriptBuildPhase;
			buildActionMask = 2147483647;
			files = (
			);
			inputPaths = (
			);
			name = "[CP] Embed Pods Frameworks";
			outputPaths = (
			);
			runOnlyForDeploymentPostprocessing = 0;
			shellPath = /bin/sh;
			shellScript = "\"${SRCROOT}/Pods/Target Support Files/Pods-Vegarden/Pods-Vegarden-frameworks.sh\"\n";
			showEnvVarsInLog = 0;
		};
/* End PBXShellScriptBuildPhase section */

/* Begin PBXSourcesBuildPhase section */
		BD7B8EA21D9118060063347D /* Sources */ = {
			isa = PBXSourcesBuildPhase;
			buildActionMask = 2147483647;
			files = (
				9654A8AB1DB8E06D00A0A9D9 /* Harvesting+CoreDataProperties.swift in Sources */,
				26BDDBF51DEBA95C003547BB /* MyGardenOverviewCropTableViewCell.swift in Sources */,
				BDE061811D9FDC660003364D /* Seed+CoreDataProperties.swift in Sources */,
				96F722FC1DB30A26000100B2 /* VTransition.swift in Sources */,
				BDE061751D9FDC660003364D /* Irrigated+CoreDataProperties.swift in Sources */,
				BDE0616F1D9FDC660003364D /* Grown+CoreDataProperties.swift in Sources */,
				96F722FE1DB30A5B000100B2 /* VTransitionProtocol.swift in Sources */,
				BDE0616C1D9FDC660003364D /* Growing+CoreDataClass.swift in Sources */,
				BDE061741D9FDC660003364D /* Irrigated+CoreDataClass.swift in Sources */,
				BD203E481DA2305800951732 /* MasterViewController.swift in Sources */,
				BDE061761D9FDC660003364D /* Location+CoreDataClass.swift in Sources */,
				BDE061711D9FDC660003364D /* Harvested+CoreDataProperties.swift in Sources */,
				BD3307BB1DA9EECA00F2EC6F /* RoundedCornersView.swift in Sources */,
				96F723091DB3118C000100B2 /* VCropDetailPageTableViewCell.swift in Sources */,
				BDE061771D9FDC660003364D /* Location+CoreDataProperties.swift in Sources */,
				BDE061671D9FDC660003364D /* Fruit+CoreDataProperties.swift in Sources */,
				9660596D1DCAA87700FC5012 /* Crop+CoreDataProperties.swift in Sources */,
				96A8A63D1DD07FA3000A1673 /* CropInformationView.swift in Sources */,
				962805E61DB49C2E00DF9176 /* CropListTableViewController.swift in Sources */,
				9654A8A71DB8C2C000A0A9D9 /* NSManagedObject+Duplicate.m in Sources */,
				BDE061871D9FDC660003364D /* Veggie+CoreDataProperties.swift in Sources */,
				BD3307B81DA9EECA00F2EC6F /* MyCropsCollectionViewCell.swift in Sources */,
				26BDDBF31DEBA428003547BB /* MyGardenDetailTableViewCell.swift in Sources */,
				2690D6DB1DEF880000259F26 /* MyGardenTableSectionHeaderView.swift in Sources */,
				9654A89A1DB5F95800A0A9D9 /* CropState+CoreDataClass.swift in Sources */,
				9654A8A11DB7211600A0A9D9 /* HelperExtensions.swift in Sources */,
				BDE0617A1D9FDC660003364D /* PaddockLocation+CoreDataClass.swift in Sources */,
				BDE061641D9FDC660003364D /* Fertilized+CoreDataClass.swift in Sources */,
				96F7230F1DB354EF000100B2 /* PopupCustomView.swift in Sources */,
				BD37C0F41DA50FBD00265405 /* Constants.swift in Sources */,
				96BB77701DBDD34000DCADA9 /* CropLifeCycleTableViewCell.swift in Sources */,
				9660596B1DCAA63A00FC5012 /* Row+CoreDataProperties.swift in Sources */,
				BDE0617E1D9FDC660003364D /* RowLifeState+CoreDataClass.swift in Sources */,
				96F7230C1DB3549B000100B2 /* Popup.m in Sources */,
				BDE061661D9FDC660003364D /* Fruit+CoreDataClass.swift in Sources */,
				966F92271DC33176005C46F1 /* DetailPatchRowTableViewCell.swift in Sources */,
				263BBCF11DF3E22000DA49F6 /* NotificationsIds.swift in Sources */,
				BD3307B91DA9EECA00F2EC6F /* MyCropsCollectionViewController.swift in Sources */,
				BDE061821D9FDC660003364D /* Seedling+CoreDataClass.swift in Sources */,
				96EE77F31DB9E77200971EBF /* CropExtension.swift in Sources */,
				BDE0617B1D9FDC660003364D /* PaddockLocation+CoreDataProperties.swift in Sources */,
				960CCF681DAB7EB100CB62C5 /* SideBarMenuTableViewCell.swift in Sources */,
				96F723111DB360BA000100B2 /* GardenManager.swift in Sources */,
				26BDDBF11DEBA411003547BB /* MyGardenOverviewTableViewCell.swift in Sources */,
				BDE061861D9FDC660003364D /* Veggie+CoreDataClass.swift in Sources */,
				96A8A6441DD08D3B000A1673 /* CropDetailLabel.swift in Sources */,
				BDE061891D9FDC660003364D /* Weed+CoreDataProperties.swift in Sources */,
				96F723051DB3111A000100B2 /* VCropDetailPageViewCell.swift in Sources */,
				2620FCEC1DEE4FFB00352111 /* PatchEditionTableViewCell.swift in Sources */,
				BDE0617C1D9FDC660003364D /* Row+CoreDataClass.swift in Sources */,
				BDE061681D9FDC660003364D /* Garden+CoreDataClass.swift in Sources */,
				2681451E1DDD7B6700BE6018 /* ConfirmationView.swift in Sources */,
				96EE77F51DB9E97C00971EBF /* DateExtension.swift in Sources */,
				BD83BFAB1DA0034700C7D79A /* AboutViewController.swift in Sources */,
				268145201DDEBF7B00BE6018 /* PlantDTO.swift in Sources */,
				BDE061651D9FDC660003364D /* Fertilized+CoreDataProperties.swift in Sources */,
				BDE061791D9FDC660003364D /* Paddock+CoreDataProperties.swift in Sources */,
				96AF3C111DC83ACE00EA8D3D /* ActionMadeDTO.swift in Sources */,
				BDE061851D9FDC660003364D /* Soil+CoreDataProperties.swift in Sources */,
				96F722F81DB309CD000100B2 /* ViewsExtensions.swift in Sources */,
				9654A8AA1DB8E06D00A0A9D9 /* Harvesting+CoreDataClass.swift in Sources */,
				96A8A6411DD08530000A1673 /* CropDetailLabelView.swift in Sources */,
				266F509F1DE66EF70064C05D /* ActionMenuAlertTableHeaderView.swift in Sources */,
				267CE9391DE7CCFE00702636 /* RowLifeState+CoreDataProperties.swift in Sources */,
				2620FCE91DEE4A2A00352111 /* PatchAddEditViewController.swift in Sources */,
				BDE061831D9FDC660003364D /* Seedling+CoreDataProperties.swift in Sources */,
				26BDDBEE1DEBA031003547BB /* MyGardenViewController.swift in Sources */,
				96BB77781DBF18B800DCADA9 /* DetailViewCollectionViewCell.swift in Sources */,
				BDE0616B1D9FDC660003364D /* GardenLocation+CoreDataProperties.swift in Sources */,
				263BBCED1DF3E18800DA49F6 /* RowsInfo.swift in Sources */,
				962805E81DB4A29D00DF9176 /* CropListTableViewCell.swift in Sources */,
				96F722D91DAD04DA000100B2 /* ZoomInNavigationController.swift in Sources */,
				BDE061731D9FDC660003364D /* Herb+CoreDataProperties.swift in Sources */,
				9654A8A41DB8875E00A0A9D9 /* GardenManagementProtocol.swift in Sources */,
				9654A89B1DB5F95800A0A9D9 /* CropState+CoreDataProperties.swift in Sources */,
				BD7B8EAA1D9118080063347D /* AppDelegate.swift in Sources */,
				26BDDBF71DEBB494003547BB /* MyGardenDetailCollectionViewCell.swift in Sources */,
				BD83BF6C1D9FE56800C7D79A /* PersistenceManager.swift in Sources */,
				96E08C061DBCDF3C00852683 /* PersitanceCallBackProtocol.swift in Sources */,
				BDE061701D9FDC660003364D /* Harvested+CoreDataClass.swift in Sources */,
				263BBCF41DF3E39900DA49F6 /* Macros.swift in Sources */,
				BD7B8EAD1D9118080063347D /* Vegarden.xcdatamodeld in Sources */,
				96BB776C1DBDCED300DCADA9 /* LifeCycleTableViewController.swift in Sources */,
				2690D6D61DEF83BB00259F26 /* MyGardenHeaderView.swift in Sources */,
				96EE77F11DB9033800971EBF /* FoldingCell.swift in Sources */,
				96F723021DB30E5A000100B2 /* CropDetailCollectionViewController.swift in Sources */,
				26DC41AB1DF1018A003A2597 /* RowAddEditViewController.swift in Sources */,
				BDE0616A1D9FDC660003364D /* GardenLocation+CoreDataClass.swift in Sources */,
				BDE061841D9FDC660003364D /* Soil+CoreDataClass.swift in Sources */,
				BDE061721D9FDC660003364D /* Herb+CoreDataClass.swift in Sources */,
				26359EBB1DD40B9600C6D698 /* CropDetailsFlowLayout.swift in Sources */,
				BDE061781D9FDC660003364D /* Paddock+CoreDataClass.swift in Sources */,
				960E5AD91DCDDC2200ED39A8 /* NoteView.swift in Sources */,
				BDE061691D9FDC660003364D /* Garden+CoreDataProperties.swift in Sources */,
				BDE0616D1D9FDC660003364D /* Growing+CoreDataProperties.swift in Sources */,
				96561A311DC1BE1500577F4B /* ActionMenuAlertView.swift in Sources */,
				96BB777A1DBF45CA00DCADA9 /* LifeCycleTableViewExtension.swift in Sources */,
				BDE061881D9FDC660003364D /* Weed+CoreDataClass.swift in Sources */,
				266CFC791DD5D0730043FD5B /* GardenManagerExtension.swift in Sources */,
				9654A89E1DB5F9E400A0A9D9 /* Crop+CoreDataClass.swift in Sources */,
				BDE0616E1D9FDC660003364D /* Grown+CoreDataClass.swift in Sources */,
				263BBCEF1DF3E1B400DA49F6 /* PatchInfo.swift in Sources */,
				BDE061801D9FDC660003364D /* Seed+CoreDataClass.swift in Sources */,
			);
			runOnlyForDeploymentPostprocessing = 0;
		};
/* End PBXSourcesBuildPhase section */

/* Begin PBXVariantGroup section */
		BD7B8EB71D9118080063347D /* LaunchScreen.storyboard */ = {
			isa = PBXVariantGroup;
			children = (
				BD7B8EB81D9118080063347D /* Base */,
			);
			name = LaunchScreen.storyboard;
			sourceTree = "<group>";
		};
/* End PBXVariantGroup section */

/* Begin XCBuildConfiguration section */
		BD7B8EBB1D9118080063347D /* Debug */ = {
			isa = XCBuildConfiguration;
			buildSettings = {
				ALWAYS_SEARCH_USER_PATHS = NO;
				CLANG_ANALYZER_NONNULL = YES;
				CLANG_CXX_LANGUAGE_STANDARD = "gnu++0x";
				CLANG_CXX_LIBRARY = "libc++";
				CLANG_ENABLE_MODULES = YES;
				CLANG_ENABLE_OBJC_ARC = YES;
				CLANG_WARN_BOOL_CONVERSION = YES;
				CLANG_WARN_CONSTANT_CONVERSION = YES;
				CLANG_WARN_DIRECT_OBJC_ISA_USAGE = YES_ERROR;
				CLANG_WARN_DOCUMENTATION_COMMENTS = YES;
				CLANG_WARN_EMPTY_BODY = YES;
				CLANG_WARN_ENUM_CONVERSION = YES;
				CLANG_WARN_INFINITE_RECURSION = YES;
				CLANG_WARN_INT_CONVERSION = YES;
				CLANG_WARN_OBJC_ROOT_CLASS = YES_ERROR;
				CLANG_WARN_SUSPICIOUS_MOVE = YES;
				CLANG_WARN_SUSPICIOUS_MOVES = YES;
				CLANG_WARN_UNREACHABLE_CODE = YES;
				CLANG_WARN__DUPLICATE_METHOD_MATCH = YES;
				"CODE_SIGN_IDENTITY[sdk=iphoneos*]" = "iPhone Developer";
				COPY_PHASE_STRIP = NO;
				DEBUG_INFORMATION_FORMAT = dwarf;
				ENABLE_STRICT_OBJC_MSGSEND = YES;
				ENABLE_TESTABILITY = YES;
				GCC_C_LANGUAGE_STANDARD = gnu99;
				GCC_DYNAMIC_NO_PIC = NO;
				GCC_NO_COMMON_BLOCKS = YES;
				GCC_OPTIMIZATION_LEVEL = 0;
				GCC_PREPROCESSOR_DEFINITIONS = (
					"DEBUG=1",
					"$(inherited)",
				);
				GCC_WARN_64_TO_32_BIT_CONVERSION = YES;
				GCC_WARN_ABOUT_RETURN_TYPE = YES_ERROR;
				GCC_WARN_UNDECLARED_SELECTOR = YES;
				GCC_WARN_UNINITIALIZED_AUTOS = YES_AGGRESSIVE;
				GCC_WARN_UNUSED_FUNCTION = YES;
				GCC_WARN_UNUSED_VARIABLE = YES;
				IPHONEOS_DEPLOYMENT_TARGET = 10.0;
				MTL_ENABLE_DEBUG_INFO = YES;
				ONLY_ACTIVE_ARCH = YES;
				SDKROOT = iphoneos;
				SWIFT_ACTIVE_COMPILATION_CONDITIONS = DEBUG;
				SWIFT_OPTIMIZATION_LEVEL = "-Onone";
				TARGETED_DEVICE_FAMILY = "1,2";
			};
			name = Debug;
		};
		BD7B8EBC1D9118080063347D /* Release */ = {
			isa = XCBuildConfiguration;
			buildSettings = {
				ALWAYS_SEARCH_USER_PATHS = NO;
				CLANG_ANALYZER_NONNULL = YES;
				CLANG_CXX_LANGUAGE_STANDARD = "gnu++0x";
				CLANG_CXX_LIBRARY = "libc++";
				CLANG_ENABLE_MODULES = YES;
				CLANG_ENABLE_OBJC_ARC = YES;
				CLANG_WARN_BOOL_CONVERSION = YES;
				CLANG_WARN_CONSTANT_CONVERSION = YES;
				CLANG_WARN_DIRECT_OBJC_ISA_USAGE = YES_ERROR;
				CLANG_WARN_DOCUMENTATION_COMMENTS = YES;
				CLANG_WARN_EMPTY_BODY = YES;
				CLANG_WARN_ENUM_CONVERSION = YES;
				CLANG_WARN_INFINITE_RECURSION = YES;
				CLANG_WARN_INT_CONVERSION = YES;
				CLANG_WARN_OBJC_ROOT_CLASS = YES_ERROR;
				CLANG_WARN_SUSPICIOUS_MOVE = YES;
				CLANG_WARN_SUSPICIOUS_MOVES = YES;
				CLANG_WARN_UNREACHABLE_CODE = YES;
				CLANG_WARN__DUPLICATE_METHOD_MATCH = YES;
				"CODE_SIGN_IDENTITY[sdk=iphoneos*]" = "iPhone Developer";
				COPY_PHASE_STRIP = NO;
				DEBUG_INFORMATION_FORMAT = "dwarf-with-dsym";
				ENABLE_NS_ASSERTIONS = NO;
				ENABLE_STRICT_OBJC_MSGSEND = YES;
				GCC_C_LANGUAGE_STANDARD = gnu99;
				GCC_NO_COMMON_BLOCKS = YES;
				GCC_WARN_64_TO_32_BIT_CONVERSION = YES;
				GCC_WARN_ABOUT_RETURN_TYPE = YES_ERROR;
				GCC_WARN_UNDECLARED_SELECTOR = YES;
				GCC_WARN_UNINITIALIZED_AUTOS = YES_AGGRESSIVE;
				GCC_WARN_UNUSED_FUNCTION = YES;
				GCC_WARN_UNUSED_VARIABLE = YES;
				IPHONEOS_DEPLOYMENT_TARGET = 10.0;
				MTL_ENABLE_DEBUG_INFO = NO;
				SDKROOT = iphoneos;
				SWIFT_OPTIMIZATION_LEVEL = "-Owholemodule";
				TARGETED_DEVICE_FAMILY = "1,2";
				VALIDATE_PRODUCT = YES;
			};
			name = Release;
		};
		BD7B8EBE1D9118080063347D /* Debug */ = {
			isa = XCBuildConfiguration;
			baseConfigurationReference = 990DCAFE6F54E5AD9F2D944F /* Pods-Vegarden.debug.xcconfig */;
			buildSettings = {
				ALWAYS_EMBED_SWIFT_STANDARD_LIBRARIES = YES;
				ASSETCATALOG_COMPILER_APPICON_NAME = AppIcon;
				CLANG_ENABLE_MODULES = YES;
				DEVELOPMENT_TEAM = C8499A962H;
				INFOPLIST_FILE = Vegarden/Info.plist;
				LD_RUNPATH_SEARCH_PATHS = "$(inherited) @executable_path/Frameworks";
				PRODUCT_BUNDLE_IDENTIFIER = sheinix.Vegarden;
				PRODUCT_NAME = "$(TARGET_NAME)";
				SWIFT_OBJC_BRIDGING_HEADER = "Vegarden/Vegarden-Bridging-Header.h";
				SWIFT_OPTIMIZATION_LEVEL = "-Onone";
				SWIFT_VERSION = 3.0;
				TARGETED_DEVICE_FAMILY = 2;
			};
			name = Debug;
		};
		BD7B8EBF1D9118080063347D /* Release */ = {
			isa = XCBuildConfiguration;
			baseConfigurationReference = 3D01FD11EF1B9293D296143F /* Pods-Vegarden.release.xcconfig */;
			buildSettings = {
				ALWAYS_EMBED_SWIFT_STANDARD_LIBRARIES = YES;
				ASSETCATALOG_COMPILER_APPICON_NAME = AppIcon;
				CLANG_ENABLE_MODULES = YES;
				DEVELOPMENT_TEAM = C8499A962H;
				INFOPLIST_FILE = Vegarden/Info.plist;
				LD_RUNPATH_SEARCH_PATHS = "$(inherited) @executable_path/Frameworks";
				PRODUCT_BUNDLE_IDENTIFIER = sheinix.Vegarden;
				PRODUCT_NAME = "$(TARGET_NAME)";
				SWIFT_OBJC_BRIDGING_HEADER = "Vegarden/Vegarden-Bridging-Header.h";
				SWIFT_VERSION = 3.0;
				TARGETED_DEVICE_FAMILY = 2;
			};
			name = Release;
		};
/* End XCBuildConfiguration section */

/* Begin XCConfigurationList section */
		BD7B8EA11D9118060063347D /* Build configuration list for PBXProject "Vegarden" */ = {
			isa = XCConfigurationList;
			buildConfigurations = (
				BD7B8EBB1D9118080063347D /* Debug */,
				BD7B8EBC1D9118080063347D /* Release */,
			);
			defaultConfigurationIsVisible = 0;
			defaultConfigurationName = Release;
		};
		BD7B8EBD1D9118080063347D /* Build configuration list for PBXNativeTarget "Vegarden" */ = {
			isa = XCConfigurationList;
			buildConfigurations = (
				BD7B8EBE1D9118080063347D /* Debug */,
				BD7B8EBF1D9118080063347D /* Release */,
			);
			defaultConfigurationIsVisible = 0;
			defaultConfigurationName = Release;
		};
/* End XCConfigurationList section */

/* Begin XCVersionGroup section */
		BD7B8EAB1D9118080063347D /* Vegarden.xcdatamodeld */ = {
			isa = XCVersionGroup;
			children = (
				BD7B8EAC1D9118080063347D /* Vegarden.xcdatamodel */,
			);
			currentVersion = BD7B8EAC1D9118080063347D /* Vegarden.xcdatamodel */;
			path = Vegarden.xcdatamodeld;
			sourceTree = "<group>";
			versionGroupType = wrapper.xcdatamodel;
		};
/* End XCVersionGroup section */
	};
	rootObject = BD7B8E9E1D9118060063347D /* Project object */;
}
